
Microsoft Visual Studio Solution File, Format Version 11.00
# Visual Studio 2010
Project("{8BC9CEB8-8B4A-11D0-8D11-00A0C91BC942}") = "bs_scal", "bs_scal\bs_scal.vcxproj", "{6179CF48-524A-4031-993A-FD353AD2A74F}"
EndProject
Project("{8BC9CEB8-8B4A-11D0-8D11-00A0C91BC942}") = "bs_mtx", "bs_mtx\bs_mtx.vcxproj", "{D588B62C-A1A8-49D2-88AC-FFADACC4545A}"
EndProject
Project("{8BC9CEB8-8B4A-11D0-8D11-00A0C91BC942}") = "blue-sky", "..\..\kernel\blue-sky.vcxproj", "{7C235C2A-609A-49B4-A89B-AC23530F0F89}"
EndProject
Project("{8BC9CEB8-8B4A-11D0-8D11-00A0C91BC942}") = "bs_bos_core_base", "bs_bos_core_base\bs_bos_core_base.vcxproj", "{578A43D7-0338-4ED0-A455-666FDA782085}"
EndProject
Project("{8BC9CEB8-8B4A-11D0-8D11-00A0C91BC942}") = "bs_mesh", "bs_mesh\bs_mesh.vcxproj", "{CE770FDD-686B-48FB-9DFA-B660196BEF89}"
EndProject
Project("{8BC9CEB8-8B4A-11D0-8D11-00A0C91BC942}") = "bs_bos_core", "bs_bos_core\bs_bos_core.vcxproj", "{B096BE31-726C-42A6-AFB0-C6BADE241F0D}"
EndProject
Project("{8BC9CEB8-8B4A-11D0-8D11-00A0C91BC942}") = "bspy_loader", "..\..\python\bspy_loader\bspy_loader.vcxproj", "{5FC52CB5-D666-4608-A354-81E3B5DE6035}"
EndProject
Project("{8BC9CEB8-8B4A-11D0-8D11-00A0C91BC942}") = "common_types", "common_types\common_types.vcxproj", "{917136D8-8A55-4319-9A9C-483BB647AC4E}"
EndProject
Project("{8BC9CEB8-8B4A-11D0-8D11-00A0C91BC942}") = "bs_hdf5_storage", "hdf5_storage\bs_hdf5_storage.vcxproj", "{E7322907-2C9C-4570-A99E-A2F3E56A3D57}"
EndProject
Project("{8BC9CEB8-8B4A-11D0-8D11-00A0C91BC942}") = "bs_pvt", "bs_pvt\bs_pvt.vcxproj", "{32C5BEFC-9E7D-4341-ACD4-DDDCFEB77652}"
EndProject
Project("{8BC9CEB8-8B4A-11D0-8D11-00A0C91BC942}") = "bs_bos_core_data_storage", "bs_bos_core_data_storage\bs_bos_core_data_storage.vcxproj", "{3DF8BD9D-CAEF-4081-A1C2-B624E0959A81}"
EndProject
Project("{8BC9CEB8-8B4A-11D0-8D11-00A0C91BC942}") = "sql_well", "sql_well\sql_well.vcxproj", "{EEAD7144-E89C-4C7B-84BA-E3328140EC48}"
EndProject
Global
	GlobalSection(SolutionConfigurationPlatforms) = preSolution
		Debug_MPI|Win32 = Debug_MPI|Win32
		Debug|Win32 = Debug|Win32
		release_with_debug|Win32 = release_with_debug|Win32
		Release_WO_Python|Win32 = Release_WO_Python|Win32
		Release|Win32 = Release|Win32
	EndGlobalSection
	GlobalSection(ProjectConfigurationPlatforms) = postSolution
		{6179CF48-524A-4031-993A-FD353AD2A74F}.Debug_MPI|Win32.ActiveCfg = Debug|Win32
		{6179CF48-524A-4031-993A-FD353AD2A74F}.Debug_MPI|Win32.Build.0 = Debug|Win32
		{6179CF48-524A-4031-993A-FD353AD2A74F}.Debug|Win32.ActiveCfg = Debug|Win32
		{6179CF48-524A-4031-993A-FD353AD2A74F}.Debug|Win32.Build.0 = Debug|Win32
		{6179CF48-524A-4031-993A-FD353AD2A74F}.release_with_debug|Win32.ActiveCfg = Release_WO_Python|Win32
		{6179CF48-524A-4031-993A-FD353AD2A74F}.release_with_debug|Win32.Build.0 = Release_WO_Python|Win32
		{6179CF48-524A-4031-993A-FD353AD2A74F}.Release_WO_Python|Win32.ActiveCfg = Release_WO_Python|Win32
		{6179CF48-524A-4031-993A-FD353AD2A74F}.Release_WO_Python|Win32.Build.0 = Release_WO_Python|Win32
		{6179CF48-524A-4031-993A-FD353AD2A74F}.Release|Win32.ActiveCfg = Release|Win32
		{6179CF48-524A-4031-993A-FD353AD2A74F}.Release|Win32.Build.0 = Release|Win32
		{D588B62C-A1A8-49D2-88AC-FFADACC4545A}.Debug_MPI|Win32.ActiveCfg = Debug|Win32
		{D588B62C-A1A8-49D2-88AC-FFADACC4545A}.Debug_MPI|Win32.Build.0 = Debug|Win32
		{D588B62C-A1A8-49D2-88AC-FFADACC4545A}.Debug|Win32.ActiveCfg = Debug|Win32
		{D588B62C-A1A8-49D2-88AC-FFADACC4545A}.Debug|Win32.Build.0 = Debug|Win32
		{D588B62C-A1A8-49D2-88AC-FFADACC4545A}.release_with_debug|Win32.ActiveCfg = Release_WO_Python|Win32
		{D588B62C-A1A8-49D2-88AC-FFADACC4545A}.release_with_debug|Win32.Build.0 = Release_WO_Python|Win32
		{D588B62C-A1A8-49D2-88AC-FFADACC4545A}.Release_WO_Python|Win32.ActiveCfg = Release_WO_Python|Win32
		{D588B62C-A1A8-49D2-88AC-FFADACC4545A}.Release_WO_Python|Win32.Build.0 = Release_WO_Python|Win32
		{D588B62C-A1A8-49D2-88AC-FFADACC4545A}.Release|Win32.ActiveCfg = Release|Win32
		{D588B62C-A1A8-49D2-88AC-FFADACC4545A}.Release|Win32.Build.0 = Release|Win32
		{7C235C2A-609A-49B4-A89B-AC23530F0F89}.Debug_MPI|Win32.ActiveCfg = Debug|Win32
		{7C235C2A-609A-49B4-A89B-AC23530F0F89}.Debug_MPI|Win32.Build.0 = Debug|Win32
		{7C235C2A-609A-49B4-A89B-AC23530F0F89}.Debug|Win32.ActiveCfg = Debug|Win32
		{7C235C2A-609A-49B4-A89B-AC23530F0F89}.Debug|Win32.Build.0 = Debug|Win32
		{7C235C2A-609A-49B4-A89B-AC23530F0F89}.release_with_debug|Win32.ActiveCfg = release_with_debug|Win32
		{7C235C2A-609A-49B4-A89B-AC23530F0F89}.release_with_debug|Win32.Build.0 = release_with_debug|Win32
		{7C235C2A-609A-49B4-A89B-AC23530F0F89}.Release_WO_Python|Win32.ActiveCfg = release_with_debug|Win32
		{7C235C2A-609A-49B4-A89B-AC23530F0F89}.Release_WO_Python|Win32.Build.0 = release_with_debug|Win32
		{7C235C2A-609A-49B4-A89B-AC23530F0F89}.Release|Win32.ActiveCfg = Release|Win32
		{7C235C2A-609A-49B4-A89B-AC23530F0F89}.Release|Win32.Build.0 = Release|Win32
		{578A43D7-0338-4ED0-A455-666FDA782085}.Debug_MPI|Win32.ActiveCfg = Debug|Win32
		{578A43D7-0338-4ED0-A455-666FDA782085}.Debug_MPI|Win32.Build.0 = Debug|Win32
		{578A43D7-0338-4ED0-A455-666FDA782085}.Debug|Win32.ActiveCfg = Debug|Win32
		{578A43D7-0338-4ED0-A455-666FDA782085}.Debug|Win32.Build.0 = Debug|Win32
		{578A43D7-0338-4ED0-A455-666FDA782085}.release_with_debug|Win32.ActiveCfg = Release_WO_Python|Win32
		{578A43D7-0338-4ED0-A455-666FDA782085}.release_with_debug|Win32.Build.0 = Release_WO_Python|Win32
		{578A43D7-0338-4ED0-A455-666FDA782085}.Release_WO_Python|Win32.ActiveCfg = Release_WO_Python|Win32
		{578A43D7-0338-4ED0-A455-666FDA782085}.Release_WO_Python|Win32.Build.0 = Release_WO_Python|Win32
		{578A43D7-0338-4ED0-A455-666FDA782085}.Release|Win32.ActiveCfg = Release|Win32
		{578A43D7-0338-4ED0-A455-666FDA782085}.Release|Win32.Build.0 = Release|Win32
		{CE770FDD-686B-48FB-9DFA-B660196BEF89}.Debug_MPI|Win32.ActiveCfg = Debug|Win32
		{CE770FDD-686B-48FB-9DFA-B660196BEF89}.Debug_MPI|Win32.Build.0 = Debug|Win32
		{CE770FDD-686B-48FB-9DFA-B660196BEF89}.Debug|Win32.ActiveCfg = Debug|Win32
		{CE770FDD-686B-48FB-9DFA-B660196BEF89}.Debug|Win32.Build.0 = Debug|Win32
		{CE770FDD-686B-48FB-9DFA-B660196BEF89}.release_with_debug|Win32.ActiveCfg = Release_WO_Python|Win32
		{CE770FDD-686B-48FB-9DFA-B660196BEF89}.release_with_debug|Win32.Build.0 = Release_WO_Python|Win32
		{CE770FDD-686B-48FB-9DFA-B660196BEF89}.Release_WO_Python|Win32.ActiveCfg = Release_WO_Python|Win32
		{CE770FDD-686B-48FB-9DFA-B660196BEF89}.Release_WO_Python|Win32.Build.0 = Release_WO_Python|Win32
		{CE770FDD-686B-48FB-9DFA-B660196BEF89}.Release|Win32.ActiveCfg = Release|Win32
		{CE770FDD-686B-48FB-9DFA-B660196BEF89}.Release|Win32.Build.0 = Release|Win32
		{B096BE31-726C-42A6-AFB0-C6BADE241F0D}.Debug_MPI|Win32.ActiveCfg = Debug_MPI|Win32
		{B096BE31-726C-42A6-AFB0-C6BADE241F0D}.Debug_MPI|Win32.Build.0 = Debug_MPI|Win32
		{B096BE31-726C-42A6-AFB0-C6BADE241F0D}.Debug|Win32.ActiveCfg = Debug|Win32
		{B096BE31-726C-42A6-AFB0-C6BADE241F0D}.Debug|Win32.Build.0 = Debug|Win32
		{B096BE31-726C-42A6-AFB0-C6BADE241F0D}.release_with_debug|Win32.ActiveCfg = Release_WO_Python|Win32
		{B096BE31-726C-42A6-AFB0-C6BADE241F0D}.release_with_debug|Win32.Build.0 = Release_WO_Python|Win32
		{B096BE31-726C-42A6-AFB0-C6BADE241F0D}.Release_WO_Python|Win32.ActiveCfg = Release_WO_Python|Win32
		{B096BE31-726C-42A6-AFB0-C6BADE241F0D}.Release_WO_Python|Win32.Build.0 = Release_WO_Python|Win32
		{B096BE31-726C-42A6-AFB0-C6BADE241F0D}.Release|Win32.ActiveCfg = Release|Win32
		{B096BE31-726C-42A6-AFB0-C6BADE241F0D}.Release|Win32.Build.0 = Release|Win32
		{5FC52CB5-D666-4608-A354-81E3B5DE6035}.Debug_MPI|Win32.ActiveCfg = Debug|Win32
		{5FC52CB5-D666-4608-A354-81E3B5DE6035}.Debug_MPI|Win32.Build.0 = Debug|Win32
		{5FC52CB5-D666-4608-A354-81E3B5DE6035}.Debug|Win32.ActiveCfg = Debug|Win32
		{5FC52CB5-D666-4608-A354-81E3B5DE6035}.Debug|Win32.Build.0 = Debug|Win32
		{5FC52CB5-D666-4608-A354-81E3B5DE6035}.release_with_debug|Win32.ActiveCfg = Release|Win32
		{5FC52CB5-D666-4608-A354-81E3B5DE6035}.release_with_debug|Win32.Build.0 = Release|Win32
		{5FC52CB5-D666-4608-A354-81E3B5DE6035}.Release_WO_Python|Win32.ActiveCfg = Release|Win32
		{5FC52CB5-D666-4608-A354-81E3B5DE6035}.Release_WO_Python|Win32.Build.0 = Release|Win32
		{5FC52CB5-D666-4608-A354-81E3B5DE6035}.Release|Win32.ActiveCfg = Release|Win32
		{5FC52CB5-D666-4608-A354-81E3B5DE6035}.Release|Win32.Build.0 = Release|Win32
		{917136D8-8A55-4319-9A9C-483BB647AC4E}.Debug_MPI|Win32.ActiveCfg = Debug|Win32
		{917136D8-8A55-4319-9A9C-483BB647AC4E}.Debug_MPI|Win32.Build.0 = Debug|Win32
		{917136D8-8A55-4319-9A9C-483BB647AC4E}.Debug|Win32.ActiveCfg = Debug|Win32
		{917136D8-8A55-4319-9A9C-483BB647AC4E}.Debug|Win32.Build.0 = Debug|Win32
		{917136D8-8A55-4319-9A9C-483BB647AC4E}.release_with_debug|Win32.ActiveCfg = Release|Win32
		{917136D8-8A55-4319-9A9C-483BB647AC4E}.release_with_debug|Win32.Build.0 = Release|Win32
		{917136D8-8A55-4319-9A9C-483BB647AC4E}.Release_WO_Python|Win32.ActiveCfg = Release|Win32
		{917136D8-8A55-4319-9A9C-483BB647AC4E}.Release_WO_Python|Win32.Build.0 = Release|Win32
		{917136D8-8A55-4319-9A9C-483BB647AC4E}.Release|Win32.ActiveCfg = Release|Win32
		{917136D8-8A55-4319-9A9C-483BB647AC4E}.Release|Win32.Build.0 = Release|Win32
		{E7322907-2C9C-4570-A99E-A2F3E56A3D57}.Debug_MPI|Win32.ActiveCfg = Debug|Win32
		{E7322907-2C9C-4570-A99E-A2F3E56A3D57}.Debug_MPI|Win32.Build.0 = Debug|Win32
		{E7322907-2C9C-4570-A99E-A2F3E56A3D57}.Debug|Win32.ActiveCfg = Debug|Win32
		{E7322907-2C9C-4570-A99E-A2F3E56A3D57}.Debug|Win32.Build.0 = Debug|Win32
		{E7322907-2C9C-4570-A99E-A2F3E56A3D57}.release_with_debug|Win32.ActiveCfg = Release|Win32
		{E7322907-2C9C-4570-A99E-A2F3E56A3D57}.release_with_debug|Win32.Build.0 = Release|Win32
		{E7322907-2C9C-4570-A99E-A2F3E56A3D57}.Release_WO_Python|Win32.ActiveCfg = Release|Win32
		{E7322907-2C9C-4570-A99E-A2F3E56A3D57}.Release_WO_Python|Win32.Build.0 = Release|Win32
		{E7322907-2C9C-4570-A99E-A2F3E56A3D57}.Release|Win32.ActiveCfg = Release|Win32
		{E7322907-2C9C-4570-A99E-A2F3E56A3D57}.Release|Win32.Build.0 = Release|Win32
		{32C5BEFC-9E7D-4341-ACD4-DDDCFEB77652}.Debug_MPI|Win32.ActiveCfg = Debug|Win32
		{32C5BEFC-9E7D-4341-ACD4-DDDCFEB77652}.Debug_MPI|Win32.Build.0 = Debug|Win32
		{32C5BEFC-9E7D-4341-ACD4-DDDCFEB77652}.Debug|Win32.ActiveCfg = Debug|Win32
		{32C5BEFC-9E7D-4341-ACD4-DDDCFEB77652}.Debug|Win32.Build.0 = Debug|Win32
		{32C5BEFC-9E7D-4341-ACD4-DDDCFEB77652}.release_with_debug|Win32.ActiveCfg = Release_WO_Python|Win32
		{32C5BEFC-9E7D-4341-ACD4-DDDCFEB77652}.release_with_debug|Win32.Build.0 = Release_WO_Python|Win32
		{32C5BEFC-9E7D-4341-ACD4-DDDCFEB77652}.Release_WO_Python|Win32.ActiveCfg = Release_WO_Python|Win32
		{32C5BEFC-9E7D-4341-ACD4-DDDCFEB77652}.Release_WO_Python|Win32.Build.0 = Release_WO_Python|Win32
		{32C5BEFC-9E7D-4341-ACD4-DDDCFEB77652}.Release|Win32.ActiveCfg = Release|Win32
		{32C5BEFC-9E7D-4341-ACD4-DDDCFEB77652}.Release|Win32.Build.0 = Release|Win32
		{3DF8BD9D-CAEF-4081-A1C2-B624E0959A81}.Debug_MPI|Win32.ActiveCfg = Debug|Win32
		{3DF8BD9D-CAEF-4081-A1C2-B624E0959A81}.Debug_MPI|Win32.Build.0 = Debug|Win32
		{3DF8BD9D-CAEF-4081-A1C2-B624E0959A81}.Debug|Win32.ActiveCfg = Debug|Win32
		{3DF8BD9D-CAEF-4081-A1C2-B624E0959A81}.Debug|Win32.Build.0 = Debug|Win32
		{3DF8BD9D-CAEF-4081-A1C2-B624E0959A81}.release_with_debug|Win32.ActiveCfg = Release_WO_Python|Win32
		{3DF8BD9D-CAEF-4081-A1C2-B624E0959A81}.release_with_debug|Win32.Build.0 = Release_WO_Python|Win32
		{3DF8BD9D-CAEF-4081-A1C2-B624E0959A81}.Release_WO_Python|Win32.ActiveCfg = Release_WO_Python|Win32
		{3DF8BD9D-CAEF-4081-A1C2-B624E0959A81}.Release_WO_Python|Win32.Build.0 = Release_WO_Python|Win32
		{3DF8BD9D-CAEF-4081-A1C2-B624E0959A81}.Release|Win32.ActiveCfg = Release|Win32
		{3DF8BD9D-CAEF-4081-A1C2-B624E0959A81}.Release|Win32.Build.0 = Release|Win32
		{EEAD7144-E89C-4C7B-84BA-E3328140EC48}.Debug_MPI|Win32.ActiveCfg = Debug|Win32
		{EEAD7144-E89C-4C7B-84BA-E3328140EC48}.Debug_MPI|Win32.Build.0 = Debug|Win32
		{EEAD7144-E89C-4C7B-84BA-E3328140EC48}.Debug|Win32.ActiveCfg = Debug|Win32
		{EEAD7144-E89C-4C7B-84BA-E3328140EC48}.Debug|Win32.Build.0 = Debug|Win32
		{EEAD7144-E89C-4C7B-84BA-E3328140EC48}.release_with_debug|Win32.ActiveCfg = Release|Win32
		{EEAD7144-E89C-4C7B-84BA-E3328140EC48}.release_with_debug|Win32.Build.0 = Release|Win32
		{EEAD7144-E89C-4C7B-84BA-E3328140EC48}.Release_WO_Python|Win32.ActiveCfg = Release|Win32
		{EEAD7144-E89C-4C7B-84BA-E3328140EC48}.Release_WO_Python|Win32.Build.0 = Release|Win32
		{EEAD7144-E89C-4C7B-84BA-E3328140EC48}.Release|Win32.ActiveCfg = Release|Win32
		{EEAD7144-E89C-4C7B-84BA-E3328140EC48}.Release|Win32.Build.0 = Release|Win32
	EndGlobalSection
	GlobalSection(SolutionProperties) = preSolution
		HideSolutionNode = FALSE
	EndGlobalSection
EndGlobal
