<?xml version="1.0" encoding="utf-8"?>
<Project ToolsVersion="4.0" xmlns="http://schemas.microsoft.com/developer/msbuild/2003">
  <ItemGroup>
    <Filter Include="pvt">
      <UniqueIdentifier>{54bd7a4b-8853-4875-b061-64374f0a29fb}</UniqueIdentifier>
    </Filter>
    <Filter Include="python">
      <UniqueIdentifier>{4902695a-84a3-4209-bb44-9a216a2085a3}</UniqueIdentifier>
    </Filter>
    <Filter Include="keywords">
      <UniqueIdentifier>{d728b4f8-505f-488b-aad9-ebb362445595}</UniqueIdentifier>
    </Filter>
  </ItemGroup>
  <ItemGroup>
    <ClCompile Include="src\pvt_3p.cpp">
      <Filter>pvt</Filter>
    </ClCompile>
    <ClCompile Include="src\pvt_base.cpp">
      <Filter>pvt</Filter>
    </ClCompile>
    <ClCompile Include="src\pvt_blue_sky_impl.cpp">
      <Filter>pvt</Filter>
    </ClCompile>
    <ClCompile Include="src\pvt_dead_oil.cpp">
      <Filter>pvt</Filter>
    </ClCompile>
    <ClCompile Include="src\pvt_dummy.cpp">
      <Filter>pvt</Filter>
    </ClCompile>
    <ClCompile Include="src\pvt_gas.cpp">
      <Filter>pvt</Filter>
    </ClCompile>
    <ClCompile Include="src\pvt_oil.cpp">
      <Filter>pvt</Filter>
    </ClCompile>
    <ClCompile Include="src\pvt_water.cpp">
      <Filter>pvt</Filter>
    </ClCompile>
    <ClCompile Include="src\py_pvt.cpp">
      <Filter>python</Filter>
    </ClCompile>
    <ClCompile Include="src\pvt_keywords.cpp">
      <Filter>keywords</Filter>
    </ClCompile>
    <ClCompile Include="src\bs_pvt.cpp" />
    <ClCompile Include="src\stdafx.cpp" />
  </ItemGroup>
  <ItemGroup>
    <ClInclude Include="src\pvt_3p.h">
      <Filter>pvt</Filter>
    </ClInclude>
    <ClInclude Include="include\pvt_3p_iface.h">
      <Filter>pvt</Filter>
    </ClInclude>
    <ClInclude Include="include\pvt_base.h">
      <Filter>pvt</Filter>
    </ClInclude>
    <ClInclude Include="include\pvt_dead_oil.h">
      <Filter>pvt</Filter>
    </ClInclude>
    <ClInclude Include="src\pvt_dummy.h">
      <Filter>pvt</Filter>
    </ClInclude>
    <ClInclude Include="include\pvt_gas.h">
      <Filter>pvt</Filter>
    </ClInclude>
    <ClInclude Include="include\pvt_interpolator.h">
      <Filter>pvt</Filter>
    </ClInclude>
    <ClInclude Include="include\pvt_oil.h">
      <Filter>pvt</Filter>
    </ClInclude>
    <ClInclude Include="include\pvt_water.h">
      <Filter>pvt</Filter>
    </ClInclude>
    <ClInclude Include="include\switch_main_vars.h">
      <Filter>pvt</Filter>
    </ClInclude>
    <ClInclude Include="include\py_pvt.h">
      <Filter>python</Filter>
    </ClInclude>
    <ClInclude Include="src\pvt_keywords.hpp">
      <Filter>keywords</Filter>
    </ClInclude>
    <ClInclude Include="include\bs_pvt_stdafx.h" />
    <ClInclude Include="include\pvt_dummy_iface.h" />
  </ItemGroup>
</Project>