<?xml version="1.0" encoding="utf-8"?>
<Project ToolsVersion="4.0" xmlns="http://schemas.microsoft.com/developer/msbuild/2003">
  <ItemGroup>
    <Filter Include="mtx">
      <UniqueIdentifier>{06cd5b79-ed0c-4d5f-9f35-b85f4e408d69}</UniqueIdentifier>
    </Filter>
    <Filter Include="iface">
      <UniqueIdentifier>{d614df90-51b5-400a-aa00-aa1d73ce5e1b}</UniqueIdentifier>
    </Filter>
  </ItemGroup>
  <ItemGroup>
    <ClCompile Include="src\bcsr.cpp">
      <Filter>mtx</Filter>
    </ClCompile>
    <ClCompile Include="src\bcsr_matrix_tools.cpp">
      <Filter>mtx</Filter>
    </ClCompile>
    <ClCompile Include="src\bdiag_matrix.cpp">
      <Filter>mtx</Filter>
    </ClCompile>
    <ClCompile Include="src\dens_matrix.cpp">
      <Filter>mtx</Filter>
    </ClCompile>
    <ClCompile Include="src\dens_matrix_tools.cpp">
      <Filter>mtx</Filter>
    </ClCompile>
    <ClCompile Include="src\mbcsr_matrix.cpp">
      <Filter>mtx</Filter>
    </ClCompile>
    <ClCompile Include="src\py_bcsr.cpp">
      <Filter>mtx</Filter>
    </ClCompile>
    <ClCompile Include="src\py_dens.cpp">
      <Filter>mtx</Filter>
    </ClCompile>
    <ClCompile Include="src\py_matrix_iface.cpp">
      <Filter>mtx</Filter>
    </ClCompile>
    <ClCompile Include="src\py_mbcsr_matrix.cpp">
      <Filter>mtx</Filter>
    </ClCompile>
    <ClCompile Include="src\main.cpp" />
  </ItemGroup>
  <ItemGroup>
    <ClInclude Include="src\bcsr.h">
      <Filter>mtx</Filter>
    </ClInclude>
    <ClInclude Include="src\bcsr_matrix_tools.h">
      <Filter>mtx</Filter>
    </ClInclude>
    <ClInclude Include="src\bdiag_matrix.h">
      <Filter>mtx</Filter>
    </ClInclude>
    <ClInclude Include="src\dens_matrix.h">
      <Filter>mtx</Filter>
    </ClInclude>
    <ClInclude Include="src\dens_matrix_tools.h">
      <Filter>mtx</Filter>
    </ClInclude>
    <ClInclude Include="src\mbcsr_matrix.h">
      <Filter>mtx</Filter>
    </ClInclude>
    <ClInclude Include="src\py_bcsr.h">
      <Filter>mtx</Filter>
    </ClInclude>
    <ClInclude Include="src\py_dens.h">
      <Filter>mtx</Filter>
    </ClInclude>
    <ClInclude Include="src\py_matrix_iface.h">
      <Filter>mtx</Filter>
    </ClInclude>
    <ClInclude Include="src\py_mbcsr_matrix.h">
      <Filter>mtx</Filter>
    </ClInclude>
    <ClInclude Include="include\bcsr_amg_matrix_iface.h">
      <Filter>iface</Filter>
    </ClInclude>
    <ClInclude Include="include\bcsr_matrix_iface.h">
      <Filter>iface</Filter>
    </ClInclude>
    <ClInclude Include="include\bcsr_matrix_tools_iface.h">
      <Filter>iface</Filter>
    </ClInclude>
    <ClInclude Include="include\bdiag_matrix_iface.h">
      <Filter>iface</Filter>
    </ClInclude>
    <ClInclude Include="include\dens_matrix_iface.h">
      <Filter>iface</Filter>
    </ClInclude>
    <ClInclude Include="include\dens_matrix_tools_iface.h">
      <Filter>iface</Filter>
    </ClInclude>
    <ClInclude Include="include\matrix_iface.h">
      <Filter>iface</Filter>
    </ClInclude>
    <ClInclude Include="include\matrix_sum_spec.h">
      <Filter>iface</Filter>
    </ClInclude>
    <ClInclude Include="include\merge_matrices.h">
      <Filter>iface</Filter>
    </ClInclude>
  </ItemGroup>
</Project>