<?xml version="1.0" encoding="utf-8"?>
<Project ToolsVersion="4.0" xmlns="http://schemas.microsoft.com/developer/msbuild/2003">
  <ItemGroup>
    <Filter Include="Source Files">
      <UniqueIdentifier>{4FC737F1-C7A5-4376-A066-2A32D752A2FF}</UniqueIdentifier>
      <Extensions>cpp;c;cc;cxx;def;odl;idl;hpj;bat;asm;asmx</Extensions>
    </Filter>
    <Filter Include="Header Files">
      <UniqueIdentifier>{93995380-89BD-4b04-88EB-625FBE52EBFB}</UniqueIdentifier>
      <Extensions>h;hpp;hxx;hm;inl;inc;xsd</Extensions>
    </Filter>
    <Filter Include="Resource Files">
      <UniqueIdentifier>{67DA6AB6-F800-4c08-8B7A-83BB121AAD01}</UniqueIdentifier>
      <Extensions>rc;ico;cur;bmp;dlg;rc2;rct;bin;rgs;gif;jpg;jpeg;jpe;resx;tiff;tif;png;wav</Extensions>
    </Filter>
  </ItemGroup>
  <ItemGroup>
    <ClCompile Include="src\frac.cpp">
      <Filter>Source Files</Filter>
    </ClCompile>
    <ClCompile Include="src\gis.cpp">
      <Filter>Source Files</Filter>
    </ClCompile>
    <ClCompile Include="src\main.cpp">
      <Filter>Source Files</Filter>
    </ClCompile>
    <ClCompile Include="src\perf.cpp">
      <Filter>Source Files</Filter>
    </ClCompile>
    <ClCompile Include="src\prop.cpp">
      <Filter>Source Files</Filter>
    </ClCompile>
    <ClCompile Include="src\prop_impl.c">
      <Filter>Source Files</Filter>
    </ClCompile>
    <ClCompile Include="src\py_frac.cpp">
      <Filter>Source Files</Filter>
    </ClCompile>
    <ClCompile Include="src\py_gis.cpp">
      <Filter>Source Files</Filter>
    </ClCompile>
    <ClCompile Include="src\py_perf.cpp">
      <Filter>Source Files</Filter>
    </ClCompile>
    <ClCompile Include="src\py_prop.cpp">
      <Filter>Source Files</Filter>
    </ClCompile>
    <ClCompile Include="src\py_table.cpp">
      <Filter>Source Files</Filter>
    </ClCompile>
    <ClCompile Include="src\py_traj.cpp">
      <Filter>Source Files</Filter>
    </ClCompile>
    <ClCompile Include="src\table.cpp">
      <Filter>Source Files</Filter>
    </ClCompile>
    <ClCompile Include="src\traj.cpp">
      <Filter>Source Files</Filter>
    </ClCompile>
    <ClCompile Include="src\vartype_table.cpp">
      <Filter>Source Files</Filter>
    </ClCompile>
    <ClCompile Include="src\common_types_serialize.cpp">
      <Filter>Source Files</Filter>
    </ClCompile>
  </ItemGroup>
  <ItemGroup>
    <ClInclude Include="src\gis.h">
      <Filter>Source Files</Filter>
    </ClInclude>
    <ClInclude Include="src\prop.h">
      <Filter>Source Files</Filter>
    </ClInclude>
    <ClInclude Include="src\prop_impl.h">
      <Filter>Source Files</Filter>
    </ClInclude>
    <ClInclude Include="src\py_frac.h">
      <Filter>Source Files</Filter>
    </ClInclude>
    <ClInclude Include="src\py_gis.h">
      <Filter>Source Files</Filter>
    </ClInclude>
    <ClInclude Include="src\py_perf.h">
      <Filter>Source Files</Filter>
    </ClInclude>
    <ClInclude Include="src\py_prop.h">
      <Filter>Source Files</Filter>
    </ClInclude>
    <ClInclude Include="src\py_table.h">
      <Filter>Source Files</Filter>
    </ClInclude>
    <ClInclude Include="src\py_traj.h">
      <Filter>Source Files</Filter>
    </ClInclude>
    <ClInclude Include="src\table.h">
      <Filter>Source Files</Filter>
    </ClInclude>
    <ClInclude Include="src\traj.h">
      <Filter>Source Files</Filter>
    </ClInclude>
    <ClInclude Include="src\vartype_table.h">
      <Filter>Source Files</Filter>
    </ClInclude>
    <ClInclude Include="include\gis_iface.h">
      <Filter>Header Files</Filter>
    </ClInclude>
    <ClInclude Include="include\pool_iface.h">
      <Filter>Header Files</Filter>
    </ClInclude>
    <ClInclude Include="include\prop_iface.h">
      <Filter>Header Files</Filter>
    </ClInclude>
    <ClInclude Include="include\table_iface.h">
      <Filter>Header Files</Filter>
    </ClInclude>
    <ClInclude Include="include\traj_iface.h">
      <Filter>Header Files</Filter>
    </ClInclude>
    <ClInclude Include="include\vartype_table_iface.h">
      <Filter>Header Files</Filter>
    </ClInclude>
    <ClInclude Include="src\common_types_serialize.h">
      <Filter>Source Files</Filter>
    </ClInclude>
    <ClInclude Include="include\frac_iface.h">
      <Filter>Header Files</Filter>
    </ClInclude>
    <ClInclude Include="include\perf_iface.h">
      <Filter>Header Files</Filter>
    </ClInclude>
  </ItemGroup>
</Project>