<?xml version="1.0" encoding="UTF-8" standalone="yes" ?>
<CodeBlocks_project_file>
	<FileVersion major="1" minor="6" />
	<Project>
		<Option title="bs_bos_core" />
		<Option makefile_is_custom="1" />
		<Option pch_mode="2" />
		<Option compiler="gcc" />
		<Build>
			<Target title="Debug Win32">
				<Option platforms="Windows;" />
				<Option output="../../exe/debug/plugins/bs_bos_core_d" prefix_auto="1" extension_auto="1" />
				<Option object_output="build/Debug Win32" />
				<Option type="3" />
				<Option compiler="gcc" />
				<Option createDefFile="1" />
				<Option createStaticLib="1" />
				<Compiler>
					<Add option="-W" />
					<Add option="-g" />
					<Add option="-O0" />
					<Add option="-D_DEBUG" />
					<Add option="-DBS_EXPORTING_PLUGIN" />
					<Add option="-DBSPY_EXPORTING_PLUGIN" />
					<Add directory="../../kernel/src" />
					<Add directory="../../kernel/src/python" />
					<Add directory="/usr/include/python2.5_d" />
				</Compiler>
				<ResourceCompiler>
					<Add directory="$(LOKI_PATH)/include" />
					<Add directory="$(BOOST_PATH)" />
					<Add directory="../../kernel/src" />
					<Add directory="../../kernel/src/python" />
					<Add directory="$(PYTHON_PATH)/include" />
				</ResourceCompiler>
				<Linker>
					<Add library="blue-sky_d" />
					<Add library="loki_D" />
					<Add library="python25" />
					<Add directory="$(PYTHON_PATH)/libs" />
					<Add directory="$(LOKI_PATH)/lib" />
					<Add directory="$(BOOST_PATH)/lib" />
					<Add directory="../../exe/debug/" />
				</Linker>
			</Target>
			<Target title="Release Win32">
				<Option platforms="Windows;" />
				<Option output="../../exe/release/plugins/bs_bos_core" prefix_auto="1" extension_auto="1" />
				<Option object_output="build/Release Win32" />
				<Option type="3" />
				<Option compiler="gcc" />
				<Option createDefFile="1" />
				<Option createStaticLib="1" />
				<Compiler>
					<Add option="-W" />
					<Add option="-DWIN32" />
					<Add option="-DNDEBUG" />
					<Add option="-D_WINDOWS" />
					<Add option="-D_USRDLL" />
					<Add option="-DBS_EXPORTING_PLUGIN" />
					<Add option="-DBSPY_EXPORTING_PLUGIN" />
					<Add directory="../../kernel/src" />
					<Add directory="../../kernel/src/python" />
					<Add directory="/usr/include/python2.5" />
				</Compiler>
				<ResourceCompiler>
					<Add directory="$(LOKI_PATH)/include" />
					<Add directory="$(BOOST_PATH)" />
					<Add directory="../../kernel/src" />
					<Add directory="../../kernel/src/python" />
					<Add directory="$(PYTHON_PATH)/include" />
				</ResourceCompiler>
				<Linker>
					<Add option="-s" />
					<Add library="blue-sky" />
					<Add library="loki" />
					<Add library="python25" />
					<Add directory="$(PYTHON_PATH)/libs" />
					<Add directory="$(LOKI_PATH)/lib" />
					<Add directory="$(BOOST_PATH)/lib" />
					<Add directory="../../exe/release/" />
				</Linker>
			</Target>
			<Target title="debug_lin">
				<Option platforms="Unix;" />
				<Option output="../../exe/debug/plugins/libbs_bos_core_d" prefix_auto="1" extension_auto="1" />
				<Option object_output="build/Debug" />
				<Option type="3" />
				<Option compiler="gcc" />
				<Option createDefFile="1" />
				<Option createStaticLib="1" />
				<Compiler>
					<Add option="-g" />
					<Add option="-fPIC" />
					<Add option="-DUNIX" />
					<Add option="-D_DEBUG" />
					<Add option="-DBS_EXPORTING_PLUGIN" />
					<Add option="-DBSPY_EXPORTING_PLUGIN" />
					<Add directory="../../kernel/src" />
					<Add directory="../../kernel/src/python" />
					<Add directory="/usr/include/python2.5" />
				</Compiler>
				<ResourceCompiler>
					<Add directory="$(LOKI_PATH)/include" />
					<Add directory="$(BOOST_PATH)" />
					<Add directory="../../kernel/src" />
					<Add directory="../../kernel/src/python" />
					<Add directory="$(PYTHON_PATH)/include" />
				</ResourceCompiler>
				<Linker>
					<Add library="blue_sky_d" />
					<Add library="loki" />
					<Add library="python2.5" />
					<Add library="boost_date_time-mt" />
					<Add directory="../../exe/debug/" />
				</Linker>
				<MakeCommands>
					<Build command="scons -j 4" />
					<CompileFile command="" />
					<Clean command="scons -c" />
					<DistClean command="" />
				</MakeCommands>
			</Target>
			<Target title="release_lin">
				<Option platforms="Unix;" />
				<Option output="../../exe/debug/plugins/libbs_bos_core" prefix_auto="1" extension_auto="1" />
				<Option object_output="build/Release" />
				<Option type="3" />
				<Option compiler="gcc" />
				<Option createDefFile="1" />
				<Option createStaticLib="1" />
				<Compiler>
					<Add option="-DUNIX" />
				</Compiler>
			</Target>
		</Build>
		<Unit filename="src/amg_coarse_level.cpp" />
		<Unit filename="src/amg_coarse_level.h" />
		<Unit filename="src/amg_properties.cpp" />
		<Unit filename="src/amg_properties.h" />
		<Unit filename="src/amg_solver.cpp" />
		<Unit filename="src/amg_solver.h" />
		<Unit filename="src/apply_wefac.h" />
		<Unit filename="src/ar_args.cpp" />
		<Unit filename="src/ar_args.h" />
		<Unit filename="src/ar_operat.cpp" />
		<Unit filename="src/ar_operat.h" />
		<Unit filename="src/ar_stack.cpp" />
		<Unit filename="src/ar_stack.h" />
		<Unit filename="src/arithmetic.cpp" />
		<Unit filename="src/array_ext.h" />
		<Unit filename="src/arrays.h" />
		<Unit filename="src/arrays_tables.h" />
		<Unit filename="src/auto_value.h" />
		<Unit filename="src/bcsr_matrix.cpp" />
		<Unit filename="src/bcsr_matrix.h" />
		<Unit filename="src/bos_array.cpp" />
		<Unit filename="src/bos_array.h" />
		<Unit filename="src/bos_map.h" />
		<Unit filename="src/bos_report.cpp" />
		<Unit filename="src/bos_report.h" />
		<Unit filename="src/bs_array_map_strategies.h" />
		<Unit filename="src/bs_assert.cpp" />
		<Unit filename="src/bs_assert.h" />
		<Unit filename="src/bs_vptr_wrap.h" />
		<Unit filename="src/calc_equil.cpp" />
		<Unit filename="src/calc_model.cpp" />
		<Unit filename="src/calc_model.h" />
		<Unit filename="src/calc_model_data_accessors.h" />
		<Unit filename="src/calc_model_data_tmp_holder.cpp" />
		<Unit filename="src/calc_model_type_helper.h" />
		<Unit filename="src/calc_model_types.h" />
		<Unit filename="src/calc_perf_bhp.cpp" />
		<Unit filename="src/calc_perf_bhp.h" />
		<Unit filename="src/calc_perf_bhp_base.h" />
		<Unit filename="src/calc_perf_density_base.h" />
		<Unit filename="src/calc_rho.cpp" />
		<Unit filename="src/calc_rho.h" />
		<Unit filename="src/calc_well.cpp" />
		<Unit filename="src/calc_well.h" />
		<Unit filename="src/calc_well_pressure.cpp" />
		<Unit filename="src/calc_well_pressure.h" />
		<Unit filename="src/call_helper.h" />
		<Unit filename="src/coarse.cpp" />
		<Unit filename="src/coarse.h" />
		<Unit filename="src/compute_acc_rates.h" />
		<Unit filename="src/connection_filter.cpp" />
		<Unit filename="src/connection_filter.h" />
		<Unit filename="src/connection_filters_impl.cpp" />
		<Unit filename="src/connection_filters_impl.h" />
		<Unit filename="src/constants.h" />
		<Unit filename="src/convert_units.cpp" />
		<Unit filename="src/convert_units.h" />
		<Unit filename="src/cpr_preconditioner.cpp" />
		<Unit filename="src/cpr_preconditioner.h" />
		<Unit filename="src/csr_ilu_prec.cpp" />
		<Unit filename="src/csr_ilu_prec.h" />
		<Unit filename="src/data_class.cpp" />
		<Unit filename="src/data_class.h" />
		<Unit filename="src/data_manager.cpp" />
		<Unit filename="src/data_manager.h" />
		<Unit filename="src/data_storage_interface.cpp" />
		<Unit filename="src/data_storage_interface.h" />
		<Unit filename="src/date_sim.h" />
		<Unit filename="src/debug_macroses.h" />
		<Unit filename="src/debug_tools.cpp" />
		<Unit filename="src/debug_tools.h" />
		<Unit filename="src/derivs_calc_ctx.h" />
		<Unit filename="src/dummy_base.h" />
		<Unit filename="src/err_num_def.h" />
		<Unit filename="src/event_base.cpp" />
		<Unit filename="src/event_base.h" />
		<Unit filename="src/event_filter.cpp" />
		<Unit filename="src/event_filter.h" />
		<Unit filename="src/event_manager.cpp" />
		<Unit filename="src/event_manager.h" />
		<Unit filename="src/exp_temp_mx.h" />
		<Unit filename="src/facility_base.h" />
		<Unit filename="src/facility_manager.cpp" />
		<Unit filename="src/facility_manager.h" />
		<Unit filename="src/fi_operator.cpp" />
		<Unit filename="src/fi_params.cpp" />
		<Unit filename="src/fi_params.h" />
		<Unit filename="src/fpoint2d.h" />
		<Unit filename="src/fpoint3d.h" />
		<Unit filename="src/fracture.cpp" />
		<Unit filename="src/fracture.h" />
		<Unit filename="src/gauss_method.h" />
		<Unit filename="src/gauss_seidel.cpp" />
		<Unit filename="src/gauss_seidel.h" />
		<Unit filename="src/generate_numeric_jacobian.h" />
		<Unit filename="src/interpolation.cpp" />
		<Unit filename="src/interpolation.h" />
		<Unit filename="src/interpolation_macro.h" />
		<Unit filename="src/inverse_matrix.h" />
		<Unit filename="src/jacobian.cpp" />
		<Unit filename="src/jacobian.h" />
		<Unit filename="src/jacobian_matrix.cpp" />
		<Unit filename="src/jacobian_matrix.h" />
		<Unit filename="src/jfunction.cpp" />
		<Unit filename="src/jfunction.h" />
		<Unit filename="src/keywords.h" />
		<Unit filename="src/keywords_handlers.cpp" />
		<Unit filename="src/keywords_methods.cpp" />
		<Unit filename="src/keywords_registration.cpp" />
		<Unit filename="src/lc_messages.h" />
		<Unit filename="src/lc_messages_eng.cpp" />
		<Unit filename="src/lc_messages_rus_alt.cpp" />
		<Unit filename="src/lc_messages_rus_koi.cpp" />
		<Unit filename="src/lc_messages_rus_win.cpp" />
		<Unit filename="src/linear_solvers.cpp" />
		<Unit filename="src/linear_solvers.h" />
		<Unit filename="src/linear_solvers_matrix_strategies.cpp" />
		<Unit filename="src/linear_solvers_matrix_strategies.h" />
		<Unit filename="src/link_list.cpp" />
		<Unit filename="src/link_list.h" />
		<Unit filename="src/locale_keeper.h" />
		<Unit filename="src/localization.cpp" />
		<Unit filename="src/localization.h" />
		<Unit filename="src/lu_decomposition.cpp" />
		<Unit filename="src/lu_decomposition.h" />
		<Unit filename="src/macroses.h" />
		<Unit filename="src/main.cpp" />
		<Unit filename="src/main_def.h" />
		<Unit filename="src/main_loop_calc.h" />
		<Unit filename="src/matrix_base.cpp" />
		<Unit filename="src/matrix_base.h" />
		<Unit filename="src/matrix_inverse.h" />
		<Unit filename="src/matrix_macroses.h" />
		<Unit filename="src/member_accessor.h" />
		<Unit filename="src/memory_macroses.h" />
		<Unit filename="src/mesh_grdecl.cpp" />
		<Unit filename="src/mesh_grdecl.h" />
		<Unit filename="src/mesh_grdecl_mpfa.cpp" />
		<Unit filename="src/mesh_grdecl_mpfa.h" />
		<Unit filename="src/mesh_ijk.cpp" />
		<Unit filename="src/mesh_ijk.h" />
		<Unit filename="src/mesh_properties.cpp" />
		<Unit filename="src/mesh_properties.h" />
		<Unit filename="src/mesh_rs.cpp" />
		<Unit filename="src/mesh_rs.h" />
		<Unit filename="src/mpfa_connections.cpp" />
		<Unit filename="src/mpfa_connections.h" />
		<Unit filename="src/mpi_amg_solver.cpp" />
		<Unit filename="src/mpi_amg_solver.h" />
		<Unit filename="src/mpi_cpr_preconditioner.cpp" />
		<Unit filename="src/mpi_cpr_preconditioner.h" />
		<Unit filename="src/mpi_csr_comm.cpp" />
		<Unit filename="src/mpi_csr_comm.h" />
		<Unit filename="src/mpi_csr_ilu_prec.cpp" />
		<Unit filename="src/mpi_csr_ilu_prec.h" />
		<Unit filename="src/mpi_csr_matrix.cpp" />
		<Unit filename="src/mpi_csr_matrix.h" />
		<Unit filename="src/mpi_h5_reader.cpp" />
		<Unit filename="src/mpi_mesh_grdecl.cpp" />
		<Unit filename="src/mpi_mesh_grdecl.h" />
		<Unit filename="src/mpi_tools.cpp" />
		<Unit filename="src/mpi_tools.h" />
		<Unit filename="src/mpi_type_t.h" />
		<Unit filename="src/mpi_user.h" />
		<Unit filename="src/mpi_vector.cpp" />
		<Unit filename="src/mpi_vector.h" />
		<Unit filename="src/mpi_wrapper.h" />
		<Unit filename="src/mv_tools.h" />
		<Unit filename="src/naive_file_reader.h" />
		<Unit filename="src/named_pbase_access.cpp" />
		<Unit filename="src/named_pbase_access.h" />
		<Unit filename="src/norm_calc.cpp" />
		<Unit filename="src/norm_calc.h" />
		<Unit filename="src/omp_tools.cpp" />
		<Unit filename="src/omp_tools.h" />
		<Unit filename="src/plane_orientation.h" />
		<Unit filename="src/pool.cpp" />
		<Unit filename="src/pool.h" />
		<Unit filename="src/pp_param_list.h" />
		<Unit filename="src/property_base.cpp" />
		<Unit filename="src/property_base.h" />
		<Unit filename="src/prvd_table.cpp" />
		<Unit filename="src/prvd_table.h" />
		<Unit filename="src/ps_scal_data_source.cpp" />
		<Unit filename="src/pvt_base.cpp" />
		<Unit filename="src/pvt_base.h" />
		<Unit filename="src/pvt_binary_search.h" />
		<Unit filename="src/pvt_blue_sky_impl.cpp" />
		<Unit filename="src/pvt_dead_oil.cpp" />
		<Unit filename="src/pvt_dead_oil.h" />
		<Unit filename="src/pvt_gas.cpp" />
		<Unit filename="src/pvt_gas.h" />
		<Unit filename="src/pvt_interpolator.cpp" />
		<Unit filename="src/pvt_interpolator.h" />
		<Unit filename="src/pvt_oil.cpp" />
		<Unit filename="src/pvt_oil.h" />
		<Unit filename="src/pvt_water.cpp" />
		<Unit filename="src/pvt_water.h" />
		<Unit filename="src/py_amg_coarse_level.cpp" />
		<Unit filename="src/py_amg_coarse_level.h" />
		<Unit filename="src/py_amg_properties.cpp" />
		<Unit filename="src/py_amg_properties.h" />
		<Unit filename="src/py_amg_solver.h" />
		<Unit filename="src/py_bcsr_matrix.h" />
		<Unit filename="src/py_bs_assert.cpp" />
		<Unit filename="src/py_bs_assert.h" />
		<Unit filename="src/py_bs_pool.cpp" />
		<Unit filename="src/py_bs_pool.h" />
		<Unit filename="src/py_calc_model.cpp" />
		<Unit filename="src/py_calc_model.h" />
		<Unit filename="src/py_calc_well.cpp" />
		<Unit filename="src/py_calc_well.h" />
		<Unit filename="src/py_coarse.h" />
		<Unit filename="src/py_cpr_preconditioner.cpp" />
		<Unit filename="src/py_cpr_preconditioner.h" />
		<Unit filename="src/py_csr_ilu_prec.cpp" />
		<Unit filename="src/py_csr_ilu_prec.h" />
		<Unit filename="src/py_data_class.cpp" />
		<Unit filename="src/py_data_class.h" />
		<Unit filename="src/py_data_manager.cpp" />
		<Unit filename="src/py_data_manager.h" />
		<Unit filename="src/py_data_storage_interface.cpp" />
		<Unit filename="src/py_data_storage_interface.h" />
		<Unit filename="src/py_event_base.cpp" />
		<Unit filename="src/py_event_base.h" />
		<Unit filename="src/py_event_manager.cpp" />
		<Unit filename="src/py_event_manager.h" />
		<Unit filename="src/py_facility_manager.cpp" />
		<Unit filename="src/py_facility_manager.h" />
		<Unit filename="src/py_gauss_seidel.h" />
		<Unit filename="src/py_interpolation.h" />
		<Unit filename="src/py_jacobian_matrix.cpp" />
		<Unit filename="src/py_jacobian_matrix.h" />
		<Unit filename="src/py_linear_solver_messengers.cpp" />
		<Unit filename="src/py_linear_solver_messengers.h" />
		<Unit filename="src/py_linear_solvers.cpp" />
		<Unit filename="src/py_linear_solvers.h" />
		<Unit filename="src/py_matrix_base.h" />
		<Unit filename="src/py_mesh.cpp" />
		<Unit filename="src/py_mesh.h" />
		<Unit filename="src/py_mesh_grdecl.cpp" />
		<Unit filename="src/py_mesh_grdecl.h" />
		<Unit filename="src/py_mesh_grdecl_mpfa.cpp" />
		<Unit filename="src/py_mesh_grdecl_mpfa.h" />
		<Unit filename="src/py_mpfa_connections.cpp" />
		<Unit filename="src/py_mpfa_connections.h" />
		<Unit filename="src/py_mpi_csr_matrix.cpp" />
		<Unit filename="src/py_mpi_csr_matrix.h" />
		<Unit filename="src/py_mpi_vector.cpp" />
		<Unit filename="src/py_mpi_vector.h" />
		<Unit filename="src/py_naive_file_reader.cpp" />
		<Unit filename="src/py_naive_file_reader.h" />
		<Unit filename="src/py_pvt.cpp" />
		<Unit filename="src/py_pvt.h" />
		<Unit filename="src/py_reservoir.cpp" />
		<Unit filename="src/py_reservoir.h" />
		<Unit filename="src/py_reservoir_simulator.cpp" />
		<Unit filename="src/py_reservoir_simulator.h" />
		<Unit filename="src/py_save_seq_vector.cpp" />
		<Unit filename="src/py_save_seq_vector.h" />
		<Unit filename="src/py_scal_wrapper.cpp" />
		<Unit filename="src/py_scal_wrapper.h" />
		<Unit filename="src/py_smoother_base.h" />
		<Unit filename="src/py_table_2d_chunked.h" />
		<Unit filename="src/py_table_2d_debug.cpp" />
		<Unit filename="src/py_table_2d_debug.h" />
		<Unit filename="src/py_two_stage_preconditioner.cpp" />
		<Unit filename="src/py_two_stage_preconditioner.h" />
		<Unit filename="src/rate_control_type.h" />
		<Unit filename="src/rate_data.cpp" />
		<Unit filename="src/rate_data.h" />
		<Unit filename="src/read_b_matrix.h" />
		<Unit filename="src/read_class.cpp" />
		<Unit filename="src/read_class.h" />
		<Unit filename="src/read_sxxx.cpp" />
		<Unit filename="src/read_sxxx.h" />
		<Unit filename="src/res_file_id.h" />
		<Unit filename="src/reservoir.cpp" />
		<Unit filename="src/reservoir.h" />
		<Unit filename="src/reservoir_simulator.cpp" />
		<Unit filename="src/reservoir_simulator.h" />
		<Unit filename="src/rock_grid.cpp" />
		<Unit filename="src/rock_grid.h" />
		<Unit filename="src/rocktab_table.cpp" />
		<Unit filename="src/rocktab_table.h" />
		<Unit filename="src/rr_rw_wr_saver.h" />
		<Unit filename="src/save_connection_data.h" />
		<Unit filename="src/save_seq_vector.h" />
		<Unit filename="src/scal_3p.cpp" />
		<Unit filename="src/scal_3p.h" />
		<Unit filename="src/scal_data_placement_info.h" />
		<Unit filename="src/scal_data_placement_strategies.h" />
		<Unit filename="src/scal_data_source.cpp" />
		<Unit filename="src/scal_data_source.h" />
		<Unit filename="src/scal_data_vector.h" />
		<Unit filename="src/scal_save_data.h" />
		<Unit filename="src/scal_test_model.cpp" />
		<Unit filename="src/scal_test_model.h" />
		<Unit filename="src/scale_array_holder.h" />
		<Unit filename="src/scale_arrays_placement_strategies.h" />
		<Unit filename="src/seq_vector.cpp" />
		<Unit filename="src/seq_vector.h" />
		<Unit filename="src/setup_preconditioner.h" />
		<Unit filename="src/simulator_events.h" />
		<Unit filename="src/smoother_base.h" />
		<Unit filename="src/stdafx.cpp" />
		<Unit filename="src/stdafx.h" />
		<Unit filename="src/str_functor.h" />
		<Unit filename="src/string_formater.h" />
		<Unit filename="src/switch_main_vars.h" />
		<Unit filename="src/table_2d.cpp" />
		<Unit filename="src/table_2d.h" />
		<Unit filename="src/table_2d_chunked.cpp" />
		<Unit filename="src/table_2d_chunked.h" />
		<Unit filename="src/table_upper.cpp" />
		<Unit filename="src/table_upper.h" />
		<Unit filename="src/trans_multipliers.h" />
		<Unit filename="src/two_stage_preconditioner.cpp" />
		<Unit filename="src/two_stage_preconditioner.h" />
		<Unit filename="src/well_connection.cpp" />
		<Unit filename="src/well_connection.h" />
		<Unit filename="src/well_controller.cpp" />
		<Unit filename="src/well_controller.h" />
		<Unit filename="src/well_event_apply_methods.cpp" />
		<Unit filename="src/well_events.cpp" />
		<Unit filename="src/well_events.h" />
		<Unit filename="src/well_factory.cpp" />
		<Unit filename="src/well_iterator.cpp" />
		<Unit filename="src/well_iterator.h" />
		<Unit filename="src/well_limit_operation.cpp" />
		<Unit filename="src/well_limit_operation.h" />
		<Unit filename="src/well_mobility_calc_ctx.h" />
		<Unit filename="src/well_rate_call_proxy.h" />
		<Unit filename="src/well_rate_compute_potentials.h" />
		<Unit filename="src/well_rate_connection_loop.h" />
		<Unit filename="src/well_rate_control.cpp" />
		<Unit filename="src/well_rate_control.h" />
		<Unit filename="src/well_rate_control_bhp_deriv.h" />
		<Unit filename="src/well_rate_control_compute_deriv_typedef.h" />
		<Unit filename="src/well_rate_control_deriv.h" />
		<Unit filename="src/well_rate_control_impl.cpp" />
		<Unit filename="src/well_rate_control_impl.h" />
		<Unit filename="src/well_rate_control_impl_type.h" />
		<Unit filename="src/well_rate_control_inj_mobility.h" />
		<Unit filename="src/well_rate_control_interface.h" />
		<Unit filename="src/well_rate_control_prod_mobility.h" />
		<Unit filename="src/well_rate_control_rate.h" />
		<Unit filename="src/well_rate_control_rate_deriv.h" />
		<Unit filename="src/well_results_storage.cpp" />
		<Unit filename="src/well_results_storage.h" />
		<Unit filename="src/well_serializer.cpp" />
		<Unit filename="src/well_serializer.h" />
		<Unit filename="src/well_type_helper.h" />
		<Unit filename="src/wellbore_density_calc.cpp" />
		<Unit filename="src/wellbore_density_calc.h" />
		<Unit filename="src/wells_common_const.h" />
		<Unit filename="src/wells_compute_connection_factors.cpp" />
		<Unit filename="src/wells_compute_connection_factors.h" />
		<Unit filename="src/write_time_to_log.h" />
		<Unit filename="../bs_hdf5_storage/src/bs_hdf5_storage.cpp" />
		<Unit filename="../bs_hdf5_storage/src/bs_hdf5_storage.h" />
		<Unit filename="../bs_hdf5_storage/src/hdf5_functions.h" />
		<Unit filename="../bs_hdf5_storage/src/hdf5_type.cpp" />
		<Unit filename="../bs_hdf5_storage/src/hdf5_type.h" />
		<Unit filename="../bs_hdf5_storage/src/py_bs_hdf5_storage.cpp" />
		<Unit filename="../bs_hdf5_storage/src/py_bs_hdf5_storage.h" />
		<Extensions>
			<code_completion />
			<envvars set="default" />
			<debugger />
		</Extensions>
	</Project>
</CodeBlocks_project_file>
