<?xml version="1.0" encoding="UTF-8" standalone="yes" ?>
<CodeBlocks_project_file>
	<FileVersion major="1" minor="6" />
	<Project>
		<Option title="bs_bos_core" />
		<Option makefile_is_custom="1" />
		<Option pch_mode="2" />
		<Option compiler="gcc" />
		<Build>
			<Target title="debug">
				<Option platforms="Unix;" />
				<Option output="../../exe/debug/plugins/libbs_bos_core_d" prefix_auto="1" extension_auto="1" />
				<Option object_output="build/Debug" />
				<Option type="3" />
				<Option compiler="gcc" />
				<Option createDefFile="1" />
				<Option createStaticLib="1" />
				<Compiler>
					<Add option="-g" />
					<Add option="-fPIC" />
					<Add option="-DUNIX" />
					<Add option="-D_DEBUG" />
					<Add option="-DBS_EXPORTING_PLUGIN" />
					<Add option="-DBSPY_EXPORTING_PLUGIN" />
					<Add directory="../../kernel/src" />
					<Add directory="../../kernel/src/python" />
					<Add directory="/usr/include/python2.5" />
				</Compiler>
				<ResourceCompiler>
					<Add directory="$(LOKI_PATH)/include" />
					<Add directory="$(BOOST_PATH)" />
					<Add directory="../../kernel/src" />
					<Add directory="../../kernel/src/python" />
					<Add directory="$(PYTHON_PATH)/include" />
				</ResourceCompiler>
				<Linker>
					<Add library="blue_sky_d" />
					<Add library="loki" />
					<Add library="python2.5" />
					<Add library="boost_date_time-mt" />
					<Add directory="../../exe/debug/" />
				</Linker>
				<MakeCommands>
					<Build command="" />
					<CompileFile command="" />
					<Clean command="" />
					<DistClean command="" />
					<AskRebuildNeeded command="" />
					<SilentBuild command="" />
				</MakeCommands>
			</Target>
			<Target title="release">
				<Option platforms="Unix;" />
				<Option output="../../exe/debug/plugins/libbs_bos_core" prefix_auto="1" extension_auto="1" />
				<Option object_output="build/Release" />
				<Option type="3" />
				<Option compiler="gcc" />
				<Option createDefFile="1" />
				<Option createStaticLib="1" />
				<Compiler>
					<Add option="-DUNIX" />
				</Compiler>
				<MakeCommands>
					<Build command="" />
					<CompileFile command="" />
					<Clean command="" />
					<DistClean command="$make -f $makefile distclean$target" />
					<AskRebuildNeeded command="" />
					<SilentBuild command="" />
				</MakeCommands>
			</Target>
		</Build>
		<Unit filename="include/add_connection_to_list.h" />
		<Unit filename="include/apply_wefac.h" />
		<Unit filename="include/calc_model.h" />
		<Unit filename="include/calc_model_data.h" />
		<Unit filename="include/calc_model_data_accessors.h" />
		<Unit filename="include/calc_model_type_helper.h" />
		<Unit filename="include/calc_perf_bhp.h" />
		<Unit filename="include/calc_perf_bhp_base.h" />
		<Unit filename="include/calc_perf_density_base.h" />
		<Unit filename="include/calc_rho.h" />
		<Unit filename="include/calc_well.h" />
		<Unit filename="include/calc_well_pressure.h" />
		<Unit filename="include/call_helper.h" />
		<Unit filename="include/closure.h" />
		<Unit filename="include/compute_acc_rates.h" />
		<Unit filename="include/connection_iterator.h" />
		<Unit filename="include/csr_ilu_cfl.h" />
		<Unit filename="include/data_storage_interface.h" />
		<Unit filename="include/date_sim.h" />
		<Unit filename="include/debug_tools.h" />
		<Unit filename="include/default_connection.h" />
		<Unit filename="include/default_connection_iterator.h" />
		<Unit filename="include/default_rr_eliminator.h" />
		<Unit filename="include/default_well.h" />
		<Unit filename="include/default_well_calc_rate.h" />
		<Unit filename="include/event_base.h" />
		<Unit filename="include/event_filter.h" />
		<Unit filename="include/event_manager.h" />
		<Unit filename="include/exp_temp_mx.h" />
		<Unit filename="include/facility_base.h" />
		<Unit filename="include/facility_manager.h" />
		<Unit filename="include/fi_operator.h" />
		<Unit filename="include/fi_operator_block_connections_mpfa.h" />
		<Unit filename="include/fi_operator_block_connections_mpfa_2.h" />
		<Unit filename="include/fi_operator_calc_porosity_and_deriv.h" />
		<Unit filename="include/fi_operator_calc_prev_fluid_volume.h" />
		<Unit filename="include/fi_operator_calc_solution_mult_cell.h" />
		<Unit filename="include/fi_operator_calc_step_dt_mult.h" />
		<Unit filename="include/fi_operator_norm_calc.h" />
		<Unit filename="include/fi_params.h" />
		<Unit filename="include/fip_results_storage.h" />
		<Unit filename="include/for_each_well.h" />
		<Unit filename="include/generate_numeric_jacobian.h" />
		<Unit filename="include/jacobian.h" />
		<Unit filename="include/jacobian_impl.h" />
		<Unit filename="include/keyword_manager.h" />
		<Unit filename="include/macroses.h" />
		<Unit filename="include/main_loop_calc.h" />
		<Unit filename="include/matrix_inverse.h" />
		<Unit filename="include/matrix_vector_op.h" />
		<Unit filename="include/member_accessor.h" />
		<Unit filename="include/norm_calc.h" />
		<Unit filename="include/pp_index.h" />
		<Unit filename="include/prepare_fpu.h" />
		<Unit filename="include/py_calc_model.h" />
		<Unit filename="include/py_calc_well.h" />
		<Unit filename="include/py_calc_well_detail.h" />
		<Unit filename="include/py_csr_ilu_cfl_prec.h" />
		<Unit filename="include/py_data_storage_interface.h" />
		<Unit filename="include/py_default_wells.h" />
		<Unit filename="include/py_event_base.h" />
		<Unit filename="include/py_event_manager.h" />
		<Unit filename="include/py_facility_manager.h" />
		<Unit filename="include/py_jacobian.h" />
		<Unit filename="include/py_keyword_manager.h" />
		<Unit filename="include/py_reservoir.h" />
		<Unit filename="include/py_reservoir_simulator.h" />
		<Unit filename="include/py_table_2d_debug.h" />
		<Unit filename="include/py_two_stage_preconditioner.h" />
		<Unit filename="include/py_well_factory.h" />
		<Unit filename="include/rate_control_type.h" />
		<Unit filename="include/res_file_id.h" />
		<Unit filename="include/reservoir.h" />
		<Unit filename="include/reservoir_simulator.h" />
		<Unit filename="include/results_hdf5_writer.h" />
		<Unit filename="include/rr_rw_wr_saver.h" />
		<Unit filename="include/simulator_events.h" />
		<Unit filename="include/sort_connections.h" />
		<Unit filename="include/stdafx.h" />
		<Unit filename="include/str_functor.h" />
		<Unit filename="include/string_formater.h" />
		<Unit filename="include/table_2d.h" />
		<Unit filename="include/timers.h" />
		<Unit filename="include/trans_multipliers.h" />
		<Unit filename="include/two_stage_preconditioner.h" />
		<Unit filename="include/well_connection.h" />
		<Unit filename="include/well_controller.h" />
		<Unit filename="include/well_event_params_decl.h" />
		<Unit filename="include/well_events.h" />
		<Unit filename="include/well_facility.h" />
		<Unit filename="include/well_limit_operation.h" />
		<Unit filename="include/well_reporter.h" />
		<Unit filename="include/well_results_storage.h" />
		<Unit filename="include/well_serializer.h" />
		<Unit filename="include/well_tools.h" />
		<Unit filename="include/well_type_helper.h" />
		<Unit filename="include/wellbore_density_calc.h" />
		<Unit filename="include/wells_common_const.h" />
		<Unit filename="include/wells_compute_connection_factors.h" />
		<Unit filename="src/boost_array_adapter.h" />
		<Unit filename="src/calc_equil.cpp" />
		<Unit filename="src/calc_model.cpp" />
		<Unit filename="src/calc_model_data_tmp_holder.cpp" />
		<Unit filename="src/calc_perf_bhp.cpp" />
		<Unit filename="src/calc_rho.cpp" />
		<Unit filename="src/calc_well.cpp" />
		<Unit filename="src/calc_well_pressure.cpp" />
		<Unit filename="src/csr_ilu_cfl.cpp" />
		<Unit filename="src/data_saver.cpp" />
		<Unit filename="src/data_saver.h" />
		<Unit filename="src/data_saver_dummy.h" />
		<Unit filename="src/data_saver_hdf5.h" />
		<Unit filename="src/data_storage_interface.cpp" />
		<Unit filename="src/debug_tools.cpp" />
		<Unit filename="src/default_connection.cpp" />
		<Unit filename="src/default_well.cpp" />
		<Unit filename="src/event_base.cpp" />
		<Unit filename="src/event_filter.cpp" />
		<Unit filename="src/event_manager.cpp" />
		<Unit filename="src/facility_manager.cpp" />
		<Unit filename="src/fi_params.cpp" />
		<Unit filename="src/fip_results_storage.cpp" />
		<Unit filename="src/jacobian.cpp" />
		<Unit filename="src/keyword_manager.cpp" />
		<Unit filename="src/keywords_handlers.cpp" />
		<Unit filename="src/keywords_registration.cpp" />
		<Unit filename="src/main.cpp" />
		<Unit filename="src/norm_calc.cpp" />
		<Unit filename="src/prepare_fpu_unix.cpp" />
		<Unit filename="src/prepare_fpu_win.cpp" />
		<Unit filename="src/py_calc_model.cpp" />
		<Unit filename="src/py_calc_well.cpp" />
		<Unit filename="src/py_csr_ilu_cfl_prec.cpp" />
		<Unit filename="src/py_data_storage_interface.cpp" />
		<Unit filename="src/py_default_wells.cpp" />
		<Unit filename="src/py_event_base.cpp" />
		<Unit filename="src/py_event_manager.cpp" />
		<Unit filename="src/py_facility_manager.cpp" />
		<Unit filename="src/py_jacobian.cpp" />
		<Unit filename="src/py_keyword_manager.cpp" />
		<Unit filename="src/py_reservoir.cpp" />
		<Unit filename="src/py_reservoir_simulator.cpp" />
		<Unit filename="src/py_table_2d_debug.cpp" />
		<Unit filename="src/py_two_stage_preconditioner.cpp" />
		<Unit filename="src/py_well_factory.cpp" />
		<Unit filename="src/reservoir.cpp" />
		<Unit filename="src/reservoir_simulator.cpp" />
		<Unit filename="src/results_hdf5_writer.cpp" />
		<Unit filename="src/results_storage_hdf5_tools.h" />
		<Unit filename="src/stdafx.cpp" />
		<Unit filename="src/timers.cpp" />
		<Unit filename="src/two_stage_preconditioner.cpp" />
		<Unit filename="src/well_connection.cpp" />
		<Unit filename="src/well_controller.cpp" />
		<Unit filename="src/well_event_apply_methods.cpp" />
		<Unit filename="src/well_events.cpp" />
		<Unit filename="src/well_factory.cpp" />
		<Unit filename="src/well_limit_operation.cpp" />
		<Unit filename="src/well_reporter.cpp" />
		<Unit filename="src/well_results_storage.cpp" />
		<Unit filename="src/well_serializer.cpp" />
		<Unit filename="src/wellbore_density_calc.cpp" />
		<Unit filename="src/wells_compute_connection_factors.cpp" />
		<Unit filename="../bs_bos_core_base/include/auto_value.h" />
		<Unit filename="../bs_bos_core_base/include/bos_report.h" />
		<Unit filename="../bs_bos_core_base/include/bs_bos_core_base_stdafx.h" />
		<Unit filename="../bs_bos_core_base/include/conf.h" />
		<Unit filename="../bs_bos_core_base/include/constants.h" />
		<Unit filename="../bs_bos_core_base/include/construct_python_object.h" />
		<Unit filename="../bs_bos_core_base/include/data_dimens.h" />
		<Unit filename="../bs_bos_core_base/include/debug_macroses.h" />
		<Unit filename="../bs_bos_core_base/include/dummy_base.h" />
		<Unit filename="../bs_bos_core_base/include/export_python_wrapper.h" />
		<Unit filename="../bs_bos_core_base/include/force_inline.h" />
		<Unit filename="../bs_bos_core_base/include/interpolation_macro.h" />
		<Unit filename="../bs_bos_core_base/include/keyword_info_base.h" />
		<Unit filename="../bs_bos_core_base/include/keyword_manager_iface.h" />
		<Unit filename="../bs_bos_core_base/include/locale_keeper.h" />
		<Unit filename="../bs_bos_core_base/include/make_me_happy.h" />
		<Unit filename="../bs_bos_core_base/include/matrix_macroses.h" />
		<Unit filename="../bs_bos_core_base/include/memory_macroses.h" />
		<Unit filename="../bs_bos_core_base/include/mv_tools.h" />
		<Unit filename="../bs_bos_core_base/include/named_pbase_access.h" />
		<Unit filename="../bs_bos_core_base/include/named_pbase_type_helper.h" />
		<Unit filename="../bs_bos_core_base/include/omp_tools.h" />
		<Unit filename="../bs_bos_core_base/include/pass_arg_to_python.h" />
		<Unit filename="../bs_bos_core_base/include/plane_orientation.h" />
		<Unit filename="../bs_bos_core_base/include/pp_py_call_list.h" />
		<Unit filename="../bs_bos_core_base/include/print_process_memory_info.h" />
		<Unit filename="../bs_bos_core_base/include/property_base.h" />
		<Unit filename="../bs_bos_core_base/include/property_base_new.h" />
		<Unit filename="../bs_bos_core_base/include/python_class_wrapper.h" />
		<Unit filename="../bs_bos_core_base/include/python_method_wrapper.h" />
		<Unit filename="../bs_bos_core_base/include/strategies.h" />
		<Unit filename="../bs_bos_core_base/include/strategy_iface.h" />
		<Unit filename="../bs_bos_core_base/include/strategy_name.h" />
		<Unit filename="../bs_bos_core_base/include/vector_assign.h" />
		<Unit filename="../bs_bos_core_base/include/write_time_to_log.h" />
		<Unit filename="../bs_bos_core_base/src/bos_report.cpp" />
		<Unit filename="../bs_bos_core_base/src/bs_bos_core_base.cpp" />
		<Unit filename="../bs_bos_core_base/src/conf.cpp" />
		<Unit filename="../bs_bos_core_base/src/dummy_base.cpp" />
		<Unit filename="../bs_bos_core_base/src/keyword_info_base.cpp" />
		<Unit filename="../bs_bos_core_base/src/named_pbase_access.cpp" />
		<Unit filename="../bs_bos_core_base/src/omp_tools.cpp" />
		<Unit filename="../bs_bos_core_base/src/property_base.cpp" />
		<Unit filename="../bs_bos_core_base/src/property_base_new.cpp" />
		<Unit filename="../bs_bos_core_base/src/py_data_diments.cpp" />
		<Unit filename="../bs_bos_core_base/src/py_strategies.cpp" />
		<Unit filename="../bs_bos_core_base/src/py_strategies.h" />
		<Unit filename="../bs_bos_core_base/src/stdafx.cpp" />
		<Unit filename="../bs_lsolvers/include/amg_smoother_iface.h" />
		<Unit filename="../bs_lsolvers/include/lsolver_iface.h" />
		<Unit filename="../bs_lsolvers/include/mv_functions.h" />
		<Unit filename="../bs_lsolvers/include/py_lsolver_iface.h" />
		<Unit filename="../bs_lsolvers/include/two_stage_prec_iface.h" />
		<Unit filename="../bs_lsolvers/src/bcsr_ilu_prec.cpp" />
		<Unit filename="../bs_lsolvers/src/bcsr_ilu_prec.h" />
		<Unit filename="../bs_lsolvers/src/bicgstab_solver.cpp" />
		<Unit filename="../bs_lsolvers/src/bicgstab_solver.h" />
		<Unit filename="../bs_lsolvers/src/blu_solver.cpp" />
		<Unit filename="../bs_lsolvers/src/blu_solver.h" />
		<Unit filename="../bs_lsolvers/src/cgs_solver.cpp" />
		<Unit filename="../bs_lsolvers/src/cgs_solver.h" />
		<Unit filename="../bs_lsolvers/src/gmres_solver.cpp" />
		<Unit filename="../bs_lsolvers/src/gmres_solver.h" />
		<Unit filename="../bs_lsolvers/src/gs_solver.cpp" />
		<Unit filename="../bs_lsolvers/src/gs_solver.h" />
		<Unit filename="../bs_lsolvers/src/lu_decomposition.h" />
		<Unit filename="../bs_lsolvers/src/main.cpp" />
		<Unit filename="../bs_lsolvers/src/py_lsolver_iface.cpp" />
		<Unit filename="../bs_lsolvers/src/tfqmr_solver.cpp" />
		<Unit filename="../bs_lsolvers/src/tfqmr_solver.h" />
		<Unit filename="../bs_lsolvers/src/two_stage_prec.cpp" />
		<Unit filename="../bs_lsolvers/src/two_stage_prec.h" />
		<Unit filename="../bs_mtx/include/bcsr_amg_matrix_iface.h" />
		<Unit filename="../bs_mtx/include/bcsr_matrix_iface.h" />
		<Unit filename="../bs_mtx/include/bcsr_matrix_tools_iface.h" />
		<Unit filename="../bs_mtx/include/bdiag_matrix_iface.h" />
		<Unit filename="../bs_mtx/include/dens_matrix_iface.h" />
		<Unit filename="../bs_mtx/include/dens_matrix_tools_iface.h" />
		<Unit filename="../bs_mtx/include/matrix_iface.h" />
		<Unit filename="../bs_mtx/include/matrix_sum_spec.h" />
		<Unit filename="../bs_mtx/include/mbcsr_matrix_iface.h" />
		<Unit filename="../bs_mtx/include/merge_matrices.h" />
		<Unit filename="../bs_mtx/src/bcsr.cpp" />
		<Unit filename="../bs_mtx/src/bcsr.h" />
		<Unit filename="../bs_mtx/src/bcsr_matrix_tools.cpp" />
		<Unit filename="../bs_mtx/src/bcsr_matrix_tools.h" />
		<Unit filename="../bs_mtx/src/bdiag_matrix.cpp" />
		<Unit filename="../bs_mtx/src/bdiag_matrix.h" />
		<Unit filename="../bs_mtx/src/dens_matrix.cpp" />
		<Unit filename="../bs_mtx/src/dens_matrix.h" />
		<Unit filename="../bs_mtx/src/dens_matrix_tools.cpp" />
		<Unit filename="../bs_mtx/src/dens_matrix_tools.h" />
		<Unit filename="../bs_mtx/src/main.cpp" />
		<Unit filename="../bs_mtx/src/mbcsr_matrix.cpp" />
		<Unit filename="../bs_mtx/src/mbcsr_matrix.h" />
		<Unit filename="../bs_mtx/src/py_bcsr.cpp" />
		<Unit filename="../bs_mtx/src/py_bcsr.h" />
		<Unit filename="../bs_mtx/src/py_dens.cpp" />
		<Unit filename="../bs_mtx/src/py_dens.h" />
		<Unit filename="../bs_mtx/src/py_matrix_iface.cpp" />
		<Unit filename="../bs_mtx/src/py_matrix_iface.h" />
		<Unit filename="../bs_mtx/src/py_mbcsr_matrix.cpp" />
		<Unit filename="../bs_mtx/src/py_mbcsr_matrix.h" />
		<Unit filename="../bs_swift/include/amg_coarse_iface.h" />
		<Unit filename="../bs_swift/include/amg_pbuild_iface.h" />
		<Unit filename="../bs_swift/include/amg_smbuilder_iface.h" />
		<Unit filename="../bs_swift/include/amg_solver_iface.h" />
		<Unit filename="../bs_swift/src/amg_solver.cpp" />
		<Unit filename="../bs_swift/src/amg_solver.h" />
		<Unit filename="../bs_swift/src/cljp2_coarse.cpp" />
		<Unit filename="../bs_swift/src/cljp2_coarse.h" />
		<Unit filename="../bs_swift/src/cljp_coarse.cpp" />
		<Unit filename="../bs_swift/src/cljp_coarse.h" />
		<Unit filename="../bs_swift/src/coarse_tools.cpp" />
		<Unit filename="../bs_swift/src/coarse_tools.h" />
		<Unit filename="../bs_swift/src/direct_pbuild.cpp" />
		<Unit filename="../bs_swift/src/direct_pbuild.h" />
		<Unit filename="../bs_swift/src/link_list.h" />
		<Unit filename="../bs_swift/src/main.cpp" />
		<Unit filename="../bs_swift/src/pmis2_coarse.cpp" />
		<Unit filename="../bs_swift/src/pmis2_coarse.h" />
		<Unit filename="../bs_swift/src/pmis_coarse.cpp" />
		<Unit filename="../bs_swift/src/pmis_coarse.h" />
		<Unit filename="../bs_swift/src/py_amg_solver_iface.cpp" />
		<Unit filename="../bs_swift/src/py_amg_solver_iface.h" />
		<Unit filename="../bs_swift/src/py_coarse_iface.cpp" />
		<Unit filename="../bs_swift/src/py_coarse_iface.h" />
		<Unit filename="../bs_swift/src/py_pbuild_iface.cpp" />
		<Unit filename="../bs_swift/src/py_pbuild_iface.h" />
		<Unit filename="../bs_swift/src/ruge_coarse.cpp" />
		<Unit filename="../bs_swift/src/ruge_coarse.h" />
		<Unit filename="../bs_swift/src/simple_smbuilder.cpp" />
		<Unit filename="../bs_swift/src/simple_smbuilder.h" />
		<Unit filename="../bs_swift/src/standart2_pbuild.cpp" />
		<Unit filename="../bs_swift/src/standart2_pbuild.h" />
		<Unit filename="../bs_swift/src/standart3_pbuild.cpp" />
		<Unit filename="../bs_swift/src/standart3_pbuild.h" />
		<Unit filename="../bs_swift/src/standart_pbuild.cpp" />
		<Unit filename="../bs_swift/src/standart_pbuild.h" />
		<Unit filename="../common_types/include/pool_iface.h" />
		<Unit filename="../common_types/include/prop_iface.h" />
		<Unit filename="../common_types/include/table_iface.h" />
		<Unit filename="../common_types/src/h5_helper.h" />
		<Unit filename="../common_types/src/h5_pool.cpp" />
		<Unit filename="../common_types/src/h5_pool.h" />
		<Unit filename="../common_types/src/main.cpp" />
		<Unit filename="../common_types/src/prop.cpp" />
		<Unit filename="../common_types/src/prop.h" />
		<Unit filename="../common_types/src/prop_impl.c">
			<Option compilerVar="CC" />
		</Unit>
		<Unit filename="../common_types/src/prop_impl.h" />
		<Unit filename="../common_types/src/py_pool.cpp" />
		<Unit filename="../common_types/src/py_pool.h" />
		<Unit filename="../common_types/src/py_prop.cpp" />
		<Unit filename="../common_types/src/py_prop.h" />
		<Unit filename="../common_types/src/py_table.cpp" />
		<Unit filename="../common_types/src/py_table.h" />
		<Unit filename="../common_types/src/table.cpp" />
		<Unit filename="../common_types/src/table.h" />
		<Unit filename="../../bs_cpr_prec/include/cpr_preconditioner_iface.h" />
		<Unit filename="../../bs_cpr_prec/src/cpr_preconditioner.cpp" />
		<Unit filename="../../bs_cpr_prec/src/cpr_preconditioner.h" />
		<Unit filename="../../bs_cpr_prec/src/main.cpp" />
		<Unit filename="../../bs_cpr_prec/src/py_cpr_preconditioner_iface.cpp" />
		<Unit filename="../../bs_cpr_prec/src/py_cpr_preconditioner_iface.h" />
		<Extensions>
			<code_completion />
			<envvars set="default" />
			<debugger />
		</Extensions>
	</Project>
</CodeBlocks_project_file>
