<?xml version="1.0" encoding="utf-8"?>
<Project ToolsVersion="4.0" xmlns="http://schemas.microsoft.com/developer/msbuild/2003">
  <ItemGroup>
    <Filter Include="data">
      <UniqueIdentifier>{26a9bf8b-09d3-4714-b4da-ace8ea74e543}</UniqueIdentifier>
    </Filter>
    <Filter Include="data\events">
      <UniqueIdentifier>{9daa0bbb-2bcc-4939-9e97-126eac5a1252}</UniqueIdentifier>
    </Filter>
    <Filter Include="data\wells">
      <UniqueIdentifier>{1152ba4b-6056-43ca-9601-3d8edc6190de}</UniqueIdentifier>
    </Filter>
    <Filter Include="data\wells\python_wrappers">
      <UniqueIdentifier>{0fbc77d1-50d6-4347-bbcf-37ec2fabec6b}</UniqueIdentifier>
    </Filter>
    <Filter Include="data\wells\compute factors">
      <UniqueIdentifier>{31510488-b1c4-4cf2-818b-3a8ae1f26750}</UniqueIdentifier>
    </Filter>
    <Filter Include="data\wells\facility">
      <UniqueIdentifier>{92ef2b77-77ec-4427-aed6-d0be5d86d259}</UniqueIdentifier>
    </Filter>
    <Filter Include="data\wells\well limit operation">
      <UniqueIdentifier>{f4e5f628-52e9-407c-ae95-394da90b7170}</UniqueIdentifier>
    </Filter>
    <Filter Include="data\wells\utils">
      <UniqueIdentifier>{09d67165-d588-44e6-a1c8-2bcf82add627}</UniqueIdentifier>
    </Filter>
    <Filter Include="data\wells\full implicit">
      <UniqueIdentifier>{21bae67a-073c-4251-a466-443cfa1b35c2}</UniqueIdentifier>
    </Filter>
    <Filter Include="data\wells\data storage">
      <UniqueIdentifier>{6ea2a38f-595d-4811-bb39-4b3061b6ace1}</UniqueIdentifier>
    </Filter>
    <Filter Include="data\wells\data storage\python">
      <UniqueIdentifier>{79e90297-1de3-4a35-8c67-18ebbaa58fde}</UniqueIdentifier>
    </Filter>
    <Filter Include="data\wells\well controller">
      <UniqueIdentifier>{d257f86a-82eb-4e44-8d53-2a511a43a553}</UniqueIdentifier>
    </Filter>
    <Filter Include="data\wells\default well">
      <UniqueIdentifier>{1489dda4-aa00-42c6-b01f-f88293a00dca}</UniqueIdentifier>
    </Filter>
    <Filter Include="linear solvers">
      <UniqueIdentifier>{8a930562-0b19-4cb4-b25b-14a22f575482}</UniqueIdentifier>
    </Filter>
    <Filter Include="linear solvers\mpi">
      <UniqueIdentifier>{eab557e5-a480-4b6c-888a-a8c976f5a2a8}</UniqueIdentifier>
    </Filter>
    <Filter Include="tools">
      <UniqueIdentifier>{dae5d0f5-4ea4-4fc6-8987-9ae56def369f}</UniqueIdentifier>
    </Filter>
    <Filter Include="tools\to exclude">
      <UniqueIdentifier>{59c27b62-bdfc-459c-a673-309d124e3ebb}</UniqueIdentifier>
    </Filter>
    <Filter Include="tools\tables">
      <UniqueIdentifier>{631e2fb2-fe40-4a6a-b14e-6340be3190b9}</UniqueIdentifier>
    </Filter>
    <Filter Include="tools\pp">
      <UniqueIdentifier>{4141a341-b5a9-4305-9f17-9745f580a012}</UniqueIdentifier>
    </Filter>
    <Filter Include="tools\fpu">
      <UniqueIdentifier>{513dd1a3-ce6f-4d6e-8c6b-890a0bbfa2ee}</UniqueIdentifier>
    </Filter>
    <Filter Include="test">
      <UniqueIdentifier>{90dd858b-74f0-48c8-aecb-39ebdfc8d5d9}</UniqueIdentifier>
    </Filter>
    <Filter Include="simulator">
      <UniqueIdentifier>{5618282a-d9dd-4b1b-bdca-f1ceb422698e}</UniqueIdentifier>
    </Filter>
    <Filter Include="simulator\python">
      <UniqueIdentifier>{dae13cac-0b07-4b11-8ba4-b671dde3efb7}</UniqueIdentifier>
    </Filter>
    <Filter Include="simulator\tools">
      <UniqueIdentifier>{0e6d4f04-11df-4346-85b6-504e4706c08a}</UniqueIdentifier>
    </Filter>
    <Filter Include="simulator\main_loop_calc">
      <UniqueIdentifier>{1aa66d29-82e5-4715-a7f0-6b31b42ce4fe}</UniqueIdentifier>
    </Filter>
    <Filter Include="simulator\fi_operator">
      <UniqueIdentifier>{ba06fa0d-a19d-499d-b945-92e34de05c69}</UniqueIdentifier>
    </Filter>
    <Filter Include="simulator\jacobian">
      <UniqueIdentifier>{a4a50b90-7547-4a74-94cc-8a635311e8ad}</UniqueIdentifier>
    </Filter>
    <Filter Include="simulator\hdf5">
      <UniqueIdentifier>{ad1b34ef-c0b6-4e79-806a-18b8f6d2fa27}</UniqueIdentifier>
    </Filter>
    <Filter Include="simulator\data_printer">
      <UniqueIdentifier>{39243667-494e-4e24-80cd-99d8690193c7}</UniqueIdentifier>
    </Filter>
    <Filter Include="timers">
      <UniqueIdentifier>{c8a1f29a-bcfd-40fe-b82d-68f2ccaa39b4}</UniqueIdentifier>
    </Filter>
    <Filter Include="initialization">
      <UniqueIdentifier>{59bcb138-64d2-4ebc-82d1-e2a5654f8941}</UniqueIdentifier>
    </Filter>
  </ItemGroup>
  <ItemGroup>
    <ClCompile Include="src\data_saver.cpp">
      <Filter>data</Filter>
    </ClCompile>
    <ClCompile Include="src\event_base.cpp">
      <Filter>data\events</Filter>
    </ClCompile>
    <ClCompile Include="src\event_filter.cpp">
      <Filter>data\events</Filter>
    </ClCompile>
    <ClCompile Include="src\event_manager.cpp">
      <Filter>data\events</Filter>
    </ClCompile>
    <ClCompile Include="src\event_manager_keywords.cpp">
      <Filter>data\events</Filter>
    </ClCompile>
    <ClCompile Include="src\py_event_base.cpp">
      <Filter>data\events</Filter>
    </ClCompile>
    <ClCompile Include="src\py_event_manager.cpp">
      <Filter>data\events</Filter>
    </ClCompile>
    <ClCompile Include="src\well_event_apply_methods.cpp">
      <Filter>data\events</Filter>
    </ClCompile>
    <ClCompile Include="src\well_events.cpp">
      <Filter>data\events</Filter>
    </ClCompile>
    <ClCompile Include="src\calc_perf_bhp.cpp">
      <Filter>data\wells</Filter>
    </ClCompile>
    <ClCompile Include="src\calc_rho.cpp">
      <Filter>data\wells</Filter>
    </ClCompile>
    <ClCompile Include="src\calc_well.cpp">
      <Filter>data\wells</Filter>
    </ClCompile>
    <ClCompile Include="src\calc_well_pressure.cpp">
      <Filter>data\wells</Filter>
    </ClCompile>
    <ClCompile Include="src\reservoir.cpp">
      <Filter>data\wells</Filter>
    </ClCompile>
    <ClCompile Include="src\well_connection.cpp">
      <Filter>data\wells</Filter>
    </ClCompile>
    <ClCompile Include="src\well_factory.cpp">
      <Filter>data\wells</Filter>
    </ClCompile>
    <ClCompile Include="src\wellbore_density_calc.cpp">
      <Filter>data\wells</Filter>
    </ClCompile>
    <ClCompile Include="src\py_calc_well.cpp">
      <Filter>data\wells\python_wrappers</Filter>
    </ClCompile>
    <ClCompile Include="src\py_facility_manager.cpp">
      <Filter>data\wells\python_wrappers</Filter>
    </ClCompile>
    <ClCompile Include="src\py_reservoir.cpp">
      <Filter>data\wells\python_wrappers</Filter>
    </ClCompile>
    <ClCompile Include="src\py_well_factory.cpp">
      <Filter>data\wells\python_wrappers</Filter>
    </ClCompile>
    <ClCompile Include="src\wells_compute_connection_factors.cpp">
      <Filter>data\wells\compute factors</Filter>
    </ClCompile>
    <ClCompile Include="src\facility_manager.cpp">
      <Filter>data\wells\facility</Filter>
    </ClCompile>
    <ClCompile Include="src\well_limit_operation.cpp">
      <Filter>data\wells\well limit operation</Filter>
    </ClCompile>
    <ClCompile Include="src\fi_params.cpp">
      <Filter>data\wells\full implicit</Filter>
    </ClCompile>
    <ClCompile Include="src\data_storage_interface.cpp">
      <Filter>data\wells\data storage</Filter>
    </ClCompile>
    <ClCompile Include="src\well_serializer.cpp">
      <Filter>data\wells\data storage</Filter>
    </ClCompile>
    <ClCompile Include="src\py_data_storage_interface.cpp">
      <Filter>data\wells\data storage\python</Filter>
    </ClCompile>
    <ClCompile Include="src\well_controller.cpp">
      <Filter>data\wells\well controller</Filter>
    </ClCompile>
    <ClCompile Include="src\default_connection.cpp">
      <Filter>data\wells\default well</Filter>
    </ClCompile>
    <ClCompile Include="src\default_well.cpp">
      <Filter>data\wells\default well</Filter>
    </ClCompile>
    <ClCompile Include="src\py_default_wells.cpp">
      <Filter>data\wells\default well</Filter>
    </ClCompile>
    <ClCompile Include="src\mpi_amg_solver.cpp">
      <Filter>linear solvers\mpi</Filter>
    </ClCompile>
    <ClCompile Include="src\mpi_cpr_preconditioner.cpp">
      <Filter>linear solvers\mpi</Filter>
    </ClCompile>
    <ClCompile Include="src\mpi_csr_ilu_prec.cpp">
      <Filter>linear solvers\mpi</Filter>
    </ClCompile>
    <ClCompile Include="src\debug_tools.cpp">
      <Filter>tools</Filter>
    </ClCompile>
    <ClCompile Include="src\prepare_fpu_unix.cpp">
      <Filter>tools\fpu</Filter>
    </ClCompile>
    <ClCompile Include="src\prepare_fpu_win.cpp">
      <Filter>tools\fpu</Filter>
    </ClCompile>
    <ClCompile Include="src\calc_model.cpp">
      <Filter>simulator</Filter>
    </ClCompile>
    <ClCompile Include="src\calc_model_data_tmp_holder.cpp">
      <Filter>simulator</Filter>
    </ClCompile>
    <ClCompile Include="src\reservoir_simulator.cpp">
      <Filter>simulator</Filter>
    </ClCompile>
    <ClCompile Include="src\py_calc_model.cpp">
      <Filter>simulator\python</Filter>
    </ClCompile>
    <ClCompile Include="src\py_reservoir_simulator.cpp">
      <Filter>simulator\python</Filter>
    </ClCompile>
    <ClCompile Include="src\norm_calc.cpp">
      <Filter>simulator\fi_operator</Filter>
    </ClCompile>
    <ClCompile Include="src\jacobian.cpp">
      <Filter>simulator\jacobian</Filter>
    </ClCompile>
    <ClCompile Include="src\py_jacobian.cpp">
      <Filter>simulator\jacobian</Filter>
    </ClCompile>
    <ClCompile Include="src\well_reporter.cpp">
      <Filter>simulator\data_printer</Filter>
    </ClCompile>
    <ClCompile Include="src\timers.cpp">
      <Filter>timers</Filter>
    </ClCompile>
    <ClCompile Include="src\equil_model.cpp">
      <Filter>initialization</Filter>
    </ClCompile>
    <ClCompile Include="src\equil_model_depth.cpp">
      <Filter>initialization</Filter>
    </ClCompile>
    <ClCompile Include="src\explicit_model.cpp">
      <Filter>initialization</Filter>
    </ClCompile>
    <ClCompile Include="src\py_equil_model.cpp">
      <Filter>initialization</Filter>
    </ClCompile>
    <ClCompile Include="src\main.cpp" />
    <ClCompile Include="src\stdafx.cpp" />
    <ClCompile Include="src\well_process_completions.cpp">
      <Filter>data\wells\compute factors</Filter>
    </ClCompile>
  </ItemGroup>
  <ItemGroup>
    <ClInclude Include="src\data_saver.h">
      <Filter>data</Filter>
    </ClInclude>
    <ClInclude Include="src\data_saver_dummy.h">
      <Filter>data</Filter>
    </ClInclude>
    <ClInclude Include="src\data_saver_hdf5.h">
      <Filter>data</Filter>
    </ClInclude>
    <ClInclude Include="include\event_base.h">
      <Filter>data\events</Filter>
    </ClInclude>
    <ClInclude Include="include\event_filter.h">
      <Filter>data\events</Filter>
    </ClInclude>
    <ClInclude Include="include\event_manager.h">
      <Filter>data\events</Filter>
    </ClInclude>
    <ClInclude Include="include\py_event_base.h">
      <Filter>data\events</Filter>
    </ClInclude>
    <ClInclude Include="include\py_event_manager.h">
      <Filter>data\events</Filter>
    </ClInclude>
    <ClInclude Include="include\str_functor.h">
      <Filter>data\events</Filter>
    </ClInclude>
    <ClInclude Include="include\well_event_params_decl.h">
      <Filter>data\events</Filter>
    </ClInclude>
    <ClInclude Include="include\well_events.h">
      <Filter>data\events</Filter>
    </ClInclude>
    <ClInclude Include="include\calc_perf_bhp.h">
      <Filter>data\wells</Filter>
    </ClInclude>
    <ClInclude Include="include\calc_perf_bhp_base.h">
      <Filter>data\wells</Filter>
    </ClInclude>
    <ClInclude Include="include\calc_perf_density_base.h">
      <Filter>data\wells</Filter>
    </ClInclude>
    <ClInclude Include="include\calc_rho.h">
      <Filter>data\wells</Filter>
    </ClInclude>
    <ClInclude Include="include\calc_well.h">
      <Filter>data\wells</Filter>
    </ClInclude>
    <ClInclude Include="include\calc_well_pressure.h">
      <Filter>data\wells</Filter>
    </ClInclude>
    <ClInclude Include="include\reservoir.h">
      <Filter>data\wells</Filter>
    </ClInclude>
    <ClInclude Include="include\well_connection.h">
      <Filter>data\wells</Filter>
    </ClInclude>
    <ClInclude Include="include\wellbore_density_calc.h">
      <Filter>data\wells</Filter>
    </ClInclude>
    <ClInclude Include="include\py_calc_well.h">
      <Filter>data\wells\python_wrappers</Filter>
    </ClInclude>
    <ClInclude Include="include\py_facility_manager.h">
      <Filter>data\wells\python_wrappers</Filter>
    </ClInclude>
    <ClInclude Include="include\py_reservoir.h">
      <Filter>data\wells\python_wrappers</Filter>
    </ClInclude>
    <ClInclude Include="include\py_well_factory.h">
      <Filter>data\wells\python_wrappers</Filter>
    </ClInclude>
    <ClInclude Include="include\wells_compute_connection_factors.h">
      <Filter>data\wells\compute factors</Filter>
    </ClInclude>
    <ClInclude Include="include\facility_base.h">
      <Filter>data\wells\facility</Filter>
    </ClInclude>
    <ClInclude Include="include\facility_manager.h">
      <Filter>data\wells\facility</Filter>
    </ClInclude>
    <ClInclude Include="include\well_limit_operation.h">
      <Filter>data\wells\well limit operation</Filter>
    </ClInclude>
    <ClInclude Include="include\wells_common_const.h">
      <Filter>data\wells\utils</Filter>
    </ClInclude>
    <ClInclude Include="include\fi_params.h">
      <Filter>data\wells\full implicit</Filter>
    </ClInclude>
    <ClInclude Include="include\data_storage_interface.h">
      <Filter>data\wells\data storage</Filter>
    </ClInclude>
    <ClInclude Include="include\well_serializer.h">
      <Filter>data\wells\data storage</Filter>
    </ClInclude>
    <ClInclude Include="include\py_data_storage_interface.h">
      <Filter>data\wells\data storage\python</Filter>
    </ClInclude>
    <ClInclude Include="include\rate_control_type.h">
      <Filter>data\wells\well controller</Filter>
    </ClInclude>
    <ClInclude Include="include\well_controller.h">
      <Filter>data\wells\well controller</Filter>
    </ClInclude>
    <ClInclude Include="include\well_type_helper.h">
      <Filter>data\wells\well controller</Filter>
    </ClInclude>
    <ClInclude Include="include\default_connection.h">
      <Filter>data\wells\default well</Filter>
    </ClInclude>
    <ClInclude Include="include\default_rr_eliminator.h">
      <Filter>data\wells\default well</Filter>
    </ClInclude>
    <ClInclude Include="include\default_well.h">
      <Filter>data\wells\default well</Filter>
    </ClInclude>
    <ClInclude Include="src\default_well_calc_rate.h">
      <Filter>data\wells\default well</Filter>
    </ClInclude>
    <ClInclude Include="include\py_default_wells.h">
      <Filter>data\wells\default well</Filter>
    </ClInclude>
    <ClInclude Include="include\date_sim.h">
      <Filter>tools</Filter>
    </ClInclude>
    <ClInclude Include="include\debug_tools.h">
      <Filter>tools</Filter>
    </ClInclude>
    <ClInclude Include="include\exp_temp_mx.h">
      <Filter>tools</Filter>
    </ClInclude>
    <ClInclude Include="include\macroses.h">
      <Filter>tools</Filter>
    </ClInclude>
    <ClInclude Include="include\member_accessor.h">
      <Filter>tools</Filter>
    </ClInclude>
    <ClInclude Include="include\rr_rw_wr_saver.h">
      <Filter>tools</Filter>
    </ClInclude>
    <ClInclude Include="include\string_formater.h">
      <Filter>tools</Filter>
    </ClInclude>
    <ClInclude Include="include\inverse_matrix.h">
      <Filter>tools\to exclude</Filter>
    </ClInclude>
    <ClInclude Include="include\res_file_id.h">
      <Filter>tools\to exclude</Filter>
    </ClInclude>
    <ClInclude Include="include\pp_param_list.h">
      <Filter>tools\pp</Filter>
    </ClInclude>
    <ClInclude Include="include\prepare_fpu.h">
      <Filter>tools\fpu</Filter>
    </ClInclude>
    <ClInclude Include="include\calc_model.h">
      <Filter>simulator</Filter>
    </ClInclude>
    <ClInclude Include="include\calc_model_data.h">
      <Filter>simulator</Filter>
    </ClInclude>
    <ClInclude Include="include\calc_model_data_accessors.h">
      <Filter>simulator</Filter>
    </ClInclude>
    <ClInclude Include="include\calc_model_type_helper.h">
      <Filter>simulator</Filter>
    </ClInclude>
    <ClInclude Include="include\main_loop_calc.h">
      <Filter>simulator</Filter>
    </ClInclude>
    <ClInclude Include="include\reservoir_simulator.h">
      <Filter>simulator</Filter>
    </ClInclude>
    <ClInclude Include="include\simulator_events.h">
      <Filter>simulator</Filter>
    </ClInclude>
    <ClInclude Include="include\trans_multipliers.h">
      <Filter>simulator</Filter>
    </ClInclude>
    <ClInclude Include="include\py_calc_model.h">
      <Filter>simulator\python</Filter>
    </ClInclude>
    <ClInclude Include="include\py_reservoir_simulator.h">
      <Filter>simulator\python</Filter>
    </ClInclude>
    <ClInclude Include="include\apply_wefac.h">
      <Filter>simulator\tools</Filter>
    </ClInclude>
    <ClInclude Include="include\save_connection_data.h">
      <Filter>simulator\tools</Filter>
    </ClInclude>
    <ClInclude Include="include\compute_acc_rates.h">
      <Filter>simulator\main_loop_calc</Filter>
    </ClInclude>
    <ClInclude Include="include\generate_numeric_jacobian.h">
      <Filter>simulator\main_loop_calc</Filter>
    </ClInclude>
    <ClInclude Include="include\fi_operator.h">
      <Filter>simulator\fi_operator</Filter>
    </ClInclude>
    <ClInclude Include="include\fi_operator_block_connections_mpfa.h">
      <Filter>simulator\fi_operator</Filter>
    </ClInclude>
    <ClInclude Include="include\fi_operator_block_connections_mpfa_2.h">
      <Filter>simulator\fi_operator</Filter>
    </ClInclude>
    <ClInclude Include="include\fi_operator_calc_porosity_and_deriv.h">
      <Filter>simulator\fi_operator</Filter>
    </ClInclude>
    <ClInclude Include="include\fi_operator_calc_prev_fluid_volume.h">
      <Filter>simulator\fi_operator</Filter>
    </ClInclude>
    <ClInclude Include="include\fi_operator_calc_solution_mult_cell.h">
      <Filter>simulator\fi_operator</Filter>
    </ClInclude>
    <ClInclude Include="include\fi_operator_calc_step_dt_mult.h">
      <Filter>simulator\fi_operator</Filter>
    </ClInclude>
    <ClInclude Include="include\fi_operator_norm_calc.h">
      <Filter>simulator\fi_operator</Filter>
    </ClInclude>
    <ClInclude Include="include\fi_operator_save_debug_data.h">
      <Filter>simulator\fi_operator</Filter>
    </ClInclude>
    <ClInclude Include="include\norm_calc.h">
      <Filter>simulator\fi_operator</Filter>
    </ClInclude>
    <ClInclude Include="include\jacobian.h">
      <Filter>simulator\jacobian</Filter>
    </ClInclude>
    <ClInclude Include="include\jacobian_impl.h">
      <Filter>simulator\jacobian</Filter>
    </ClInclude>
    <ClInclude Include="include\py_jacobian.h">
      <Filter>simulator\jacobian</Filter>
    </ClInclude>
    <ClInclude Include="include\results_hdf5_writer.h">
      <Filter>simulator\hdf5</Filter>
    </ClInclude>
    <ClInclude Include="src\results_storage_hdf5_tools.h">
      <Filter>simulator\hdf5</Filter>
    </ClInclude>
    <ClInclude Include="include\well_reporter.h">
      <Filter>simulator\data_printer</Filter>
    </ClInclude>
    <ClInclude Include="include\timers.h">
      <Filter>timers</Filter>
    </ClInclude>
    <ClInclude Include="src\equil_model.hpp">
      <Filter>initialization</Filter>
    </ClInclude>
    <ClInclude Include="include\equil_model_depth.h">
      <Filter>initialization</Filter>
    </ClInclude>
    <ClInclude Include="src\explicit_model.hpp">
      <Filter>initialization</Filter>
    </ClInclude>
    <ClInclude Include="include\py_equil_model.h">
      <Filter>initialization</Filter>
    </ClInclude>
    <ClInclude Include="include\stdafx.h" />
    <ClInclude Include="include\well_process_completions.h">
      <Filter>data\wells\compute factors</Filter>
    </ClInclude>
  </ItemGroup>
  <ItemGroup>
    <None Include="src\bspy_test\unit_test\bos\ARITHMETIC\arithmetic_test.py">
      <Filter>test</Filter>
    </None>
    <None Include="src\test\measure_time.py">
      <Filter>test</Filter>
    </None>
    <None Include="src\test\measure_time_gmres_solver.xls">
      <Filter>test</Filter>
    </None>
    <None Include="src\test\test_matrix.py">
      <Filter>test</Filter>
    </None>
  </ItemGroup>
  <ItemGroup>
    <CustomBuildStep Include="include\mpi_amg_solver.h">
      <Filter>linear solvers\mpi</Filter>
    </CustomBuildStep>
    <CustomBuildStep Include="include\mpi_cpr_preconditioner.h">
      <Filter>linear solvers\mpi</Filter>
    </CustomBuildStep>
    <CustomBuildStep Include="include\mpi_csr_ilu_prec.h">
      <Filter>linear solvers\mpi</Filter>
    </CustomBuildStep>
  </ItemGroup>
</Project>