<?xml version="1.0" encoding="utf-8"?>
<Project ToolsVersion="4.0" xmlns="http://schemas.microsoft.com/developer/msbuild/2003">
  <ItemGroup>
    <Filter Include="Source Files">
      <UniqueIdentifier>{4FC737F1-C7A5-4376-A066-2A32D752A2FF}</UniqueIdentifier>
      <Extensions>cpp;c;cc;cxx;def;odl;idl;hpj;bat;asm;asmx</Extensions>
    </Filter>
    <Filter Include="Header Files">
      <UniqueIdentifier>{93995380-89BD-4b04-88EB-625FBE52EBFB}</UniqueIdentifier>
      <Extensions>h;hpp;hxx;hm;inl;inc;xsd</Extensions>
    </Filter>
    <Filter Include="Resource Files">
      <UniqueIdentifier>{67DA6AB6-F800-4c08-8B7A-83BB121AAD01}</UniqueIdentifier>
      <Extensions>rc;ico;cur;bmp;dlg;rc2;rct;bin;rgs;gif;jpg;jpeg;jpe;resx;tiff;tif;png;wav</Extensions>
    </Filter>
    <Filter Include="sqlite">
      <UniqueIdentifier>{c62105bc-d60b-4936-bbf0-2df6328072dd}</UniqueIdentifier>
    </Filter>
  </ItemGroup>
  <ItemGroup>
    <ClCompile Include="src\main.cpp">
      <Filter>Source Files</Filter>
    </ClCompile>
    <ClCompile Include="src\py_sql_well.cpp">
      <Filter>Source Files</Filter>
    </ClCompile>
    <ClCompile Include="src\sql_well.cpp">
      <Filter>Source Files</Filter>
    </ClCompile>
    <ClCompile Include="src\timer.cpp">
      <Filter>Source Files</Filter>
    </ClCompile>
    <ClCompile Include="src\well_keywords.cpp">
      <Filter>Source Files</Filter>
    </ClCompile>
    <ClCompile Include="sqlite\sqlite3.c">
      <Filter>sqlite</Filter>
    </ClCompile>
    <ClCompile Include="src\frac_comp_ident.cpp">
      <Filter>Source Files</Filter>
    </ClCompile>
    <ClCompile Include="src\sql_well_serialize.cpp">
      <Filter>Source Files</Filter>
    </ClCompile>
  </ItemGroup>
  <ItemGroup>
    <ClInclude Include="src\main_def.h">
      <Filter>Source Files</Filter>
    </ClInclude>
    <ClInclude Include="src\py_sql_well.h">
      <Filter>Source Files</Filter>
    </ClInclude>
    <ClInclude Include="src\sql_well.h">
      <Filter>Source Files</Filter>
    </ClInclude>
    <ClInclude Include="src\timer.h">
      <Filter>Source Files</Filter>
    </ClInclude>
    <ClInclude Include="src\well_keywords.hpp">
      <Filter>Source Files</Filter>
    </ClInclude>
    <ClInclude Include="include\well_pool_iface.h">
      <Filter>Header Files</Filter>
    </ClInclude>
    <ClInclude Include="sqlite\sqlite3.h">
      <Filter>sqlite</Filter>
    </ClInclude>
    <ClInclude Include="src\frac_comp_ident.h">
      <Filter>Source Files</Filter>
    </ClInclude>
    <ClInclude Include="src\compdat_traits.h">
      <Filter>Source Files</Filter>
    </ClInclude>
    <ClInclude Include="src\fracture_traits.h">
      <Filter>Source Files</Filter>
    </ClInclude>
  </ItemGroup>
</Project>